// !$*UTF8*$!
{
	archiveVersion = 1;
	classes = {
	};
	objectVersion = 51;
	objects = {

/* Begin PBXBuildFile section */
		1DD7BF3654365C4E51436D9C /* Pods_DPCKit.framework in Frameworks */ = {isa = PBXBuildFile; fileRef = 60A36519FC620191B01BB292 /* Pods_DPCKit.framework */; };
		3E72FD8D912505218BEB24E7 /* Pods_DPCExplorer.framework in Frameworks */ = {isa = PBXBuildFile; fileRef = 6B1D699D395AEFFCD4C87ED2 /* Pods_DPCExplorer.framework */; };
		3EA4E4983F35A82061F2D571 /* Pods_DPCExplorer_DPCExplorerUITests.framework in Frameworks */ = {isa = PBXBuildFile; fileRef = F3DF8002CA6518F5A87E6CBB /* Pods_DPCExplorer_DPCExplorerUITests.framework */; };
		5F801CF2328D18F0FBA058A8 /* Pods_BlueButtonKit.framework in Frameworks */ = {isa = PBXBuildFile; fileRef = 11B78638D117DA686920F15D /* Pods_BlueButtonKit.framework */; };
		C89688467C44567C558D0E0E /* Pods_DPCKit_DPCKitTests.framework in Frameworks */ = {isa = PBXBuildFile; fileRef = AE5459FD7EB9B4BD2DE57E1B /* Pods_DPCKit_DPCKitTests.framework */; };
		CBA07E9CE0AAC032FA642AA6 /* Pods_BlueButtonKit_BlueButtonKitTests.framework in Frameworks */ = {isa = PBXBuildFile; fileRef = 419443CB975BEC18AC36A47C /* Pods_BlueButtonKit_BlueButtonKitTests.framework */; };
		DE1D35593FAB0040BA0190D3 /* Pods_DPCExplorerTests.framework in Frameworks */ = {isa = PBXBuildFile; fileRef = 5EF481C2E88EEF4F816FDB0A /* Pods_DPCExplorerTests.framework */; };
		EB08271F23AF0F4E00CA7CC8 /* LoadData.swift in Sources */ = {isa = PBXBuildFile; fileRef = EBD24E5423AB0C8E00D35859 /* LoadData.swift */; };
		EB08272023AF0F4E00CA7CC8 /* Test Resources.swift in Sources */ = {isa = PBXBuildFile; fileRef = EBD24E5023AB0A4800D35859 /* Test Resources.swift */; };
		EB08272923AF142500CA7CC8 /* VitalRecordBox.swift in Sources */ = {isa = PBXBuildFile; fileRef = EB08272823AF142500CA7CC8 /* VitalRecordBox.swift */; };
		EB100E7023667ED30065E084 /* AppDelegate.swift in Sources */ = {isa = PBXBuildFile; fileRef = EB100E6F23667ED30065E084 /* AppDelegate.swift */; };
		EB100E7223667ED30065E084 /* SceneDelegate.swift in Sources */ = {isa = PBXBuildFile; fileRef = EB100E7123667ED30065E084 /* SceneDelegate.swift */; };
		EB100E7723667ED30065E084 /* ContentView.swift in Sources */ = {isa = PBXBuildFile; fileRef = EB100E7623667ED30065E084 /* ContentView.swift */; };
		EB100E7923667ED60065E084 /* Assets.xcassets in Resources */ = {isa = PBXBuildFile; fileRef = EB100E7823667ED60065E084 /* Assets.xcassets */; };
		EB100E7C23667ED60065E084 /* Preview Assets.xcassets in Resources */ = {isa = PBXBuildFile; fileRef = EB100E7B23667ED60065E084 /* Preview Assets.xcassets */; };
		EB100E7F23667ED60065E084 /* LaunchScreen.storyboard in Resources */ = {isa = PBXBuildFile; fileRef = EB100E7D23667ED60065E084 /* LaunchScreen.storyboard */; };
		EB100E8A23667ED60065E084 /* DPCExplorerTests.swift in Sources */ = {isa = PBXBuildFile; fileRef = EB100E8923667ED60065E084 /* DPCExplorerTests.swift */; };
		EB100E9523667ED60065E084 /* DPCExplorerUITests.swift in Sources */ = {isa = PBXBuildFile; fileRef = EB100E9423667ED60065E084 /* DPCExplorerUITests.swift */; };
		EB1BE1C623B5157700D33A7E /* DPCKit.xcdatamodeld in Sources */ = {isa = PBXBuildFile; fileRef = EB1BE1C423B5157600D33A7E /* DPCKit.xcdatamodeld */; };
		EB1BE1CA23B51DE300D33A7E /* PreferencesManager.swift in Sources */ = {isa = PBXBuildFile; fileRef = EB1BE1C923B51DE300D33A7E /* PreferencesManager.swift */; };
		EB1BE1CC23B53C6100D33A7E /* FullScreenButton.swift in Sources */ = {isa = PBXBuildFile; fileRef = EB1BE1CB23B53C6100D33A7E /* FullScreenButton.swift */; };
		EB1BE1CF23B53EA100D33A7E /* InitialOnboardingView.swift in Sources */ = {isa = PBXBuildFile; fileRef = EB1BE1CE23B53EA100D33A7E /* InitialOnboardingView.swift */; };
		EB1BE1D123B53ED300D33A7E /* HostSelectionView.swift in Sources */ = {isa = PBXBuildFile; fileRef = EB1BE1D023B53ED300D33A7E /* HostSelectionView.swift */; };
		EB1BE1D323B5433600D33A7E /* ClientIDInputView.swift in Sources */ = {isa = PBXBuildFile; fileRef = EB1BE1D223B5433600D33A7E /* ClientIDInputView.swift */; };
		EB1BE1D523B5450500D33A7E /* PublicKeyUploadView.swift in Sources */ = {isa = PBXBuildFile; fileRef = EB1BE1D423B5450500D33A7E /* PublicKeyUploadView.swift */; };
		EB1BE1D723B5463D00D33A7E /* OnboardingCompleteView.swift in Sources */ = {isa = PBXBuildFile; fileRef = EB1BE1D623B5463D00D33A7E /* OnboardingCompleteView.swift */; };
		EB1BE1D923B5467400D33A7E /* OnboardingProtocol.swift in Sources */ = {isa = PBXBuildFile; fileRef = EB1BE1D823B5467400D33A7E /* OnboardingProtocol.swift */; };
		EB1BE1DB23B54F2F00D33A7E /* SettingsView.swift in Sources */ = {isa = PBXBuildFile; fileRef = EB1BE1DA23B54F2F00D33A7E /* SettingsView.swift */; };
		EB3F1EC823A723FB002844C1 /* NameView.swift in Sources */ = {isa = PBXBuildFile; fileRef = EB3F1EC723A723FB002844C1 /* NameView.swift */; };
		EB427DCB2374E84D00833623 /* OnboardingView.swift in Sources */ = {isa = PBXBuildFile; fileRef = EB427DCA2374E84D00833623 /* OnboardingView.swift */; };
		EB763A59236BACA9001EC7C9 /* ProviderBioView.swift in Sources */ = {isa = PBXBuildFile; fileRef = EB763A58236BACA9001EC7C9 /* ProviderBioView.swift */; };
		EB763A5D236BAD7E001EC7C9 /* TestResources.swift in Sources */ = {isa = PBXBuildFile; fileRef = EB763A5C236BAD7E001EC7C9 /* TestResources.swift */; };
		EB763A63236BB512001EC7C9 /* PersonCellView.swift in Sources */ = {isa = PBXBuildFile; fileRef = EB763A62236BB512001EC7C9 /* PersonCellView.swift */; };
		EB763A65236BB582001EC7C9 /* ViewHelpers.swift in Sources */ = {isa = PBXBuildFile; fileRef = EB763A64236BB582001EC7C9 /* ViewHelpers.swift */; };
		EB763A67236BB804001EC7C9 /* ProviderView.swift in Sources */ = {isa = PBXBuildFile; fileRef = EB763A66236BB804001EC7C9 /* ProviderView.swift */; };
		EB763A69236BB922001EC7C9 /* PatientView.swift in Sources */ = {isa = PBXBuildFile; fileRef = EB763A68236BB922001EC7C9 /* PatientView.swift */; };
		EB763A6B236BB9B3001EC7C9 /* PatientDetailView.swift in Sources */ = {isa = PBXBuildFile; fileRef = EB763A6A236BB9B3001EC7C9 /* PatientDetailView.swift */; };
		EB763A6D236BB9D0001EC7C9 /* PatientBioView.swift in Sources */ = {isa = PBXBuildFile; fileRef = EB763A6C236BB9D0001EC7C9 /* PatientBioView.swift */; };
		EB8DB38C23B597EE009A62B0 /* InitialsView.swift in Sources */ = {isa = PBXBuildFile; fileRef = EB3F1EC523A72239002844C1 /* InitialsView.swift */; };
		EB9976F2236687D40072DD9B /* OrganizationView.swift in Sources */ = {isa = PBXBuildFile; fileRef = EB9976F1236687D40072DD9B /* OrganizationView.swift */; };
		EB9976F4236689320072DD9B /* ProviderDetailView.swift in Sources */ = {isa = PBXBuildFile; fileRef = EB9976F3236689320072DD9B /* ProviderDetailView.swift */; };
		EBAA8A61236CF7AD00EC0253 /* MainView.swift in Sources */ = {isa = PBXBuildFile; fileRef = EBAA8A60236CF7AD00EC0253 /* MainView.swift */; };
		EBAF7EBF238A0E0E0050039D /* PatientAdd.swift in Sources */ = {isa = PBXBuildFile; fileRef = EBAF7EBE238A0E0E0050039D /* PatientAdd.swift */; };
		EBB899FD238B6E25008D7CB6 /* ProviderAdd.swift in Sources */ = {isa = PBXBuildFile; fileRef = EBB899FC238B6E25008D7CB6 /* ProviderAdd.swift */; };
		EBC5EB48239039C6003E0B3B /* SelectableRow.swift in Sources */ = {isa = PBXBuildFile; fileRef = EBC5EB47239039C6003E0B3B /* SelectableRow.swift */; };
		EBCC9C8223AFE93E0083538F /* EOBItemExtensions.swift in Sources */ = {isa = PBXBuildFile; fileRef = EBCC9C8123AFE93E0083538F /* EOBItemExtensions.swift */; };
		EBCC9C8423AFEAFC0083538F /* EOBExtensions.swift in Sources */ = {isa = PBXBuildFile; fileRef = EBCC9C8323AFEAFC0083538F /* EOBExtensions.swift */; };
		EBCC9C8623AFFB8C0083538F /* ServiceRowItemView.swift in Sources */ = {isa = PBXBuildFile; fileRef = EBCC9C8523AFFB8C0083538F /* ServiceRowItemView.swift */; };
		EBCC9C8A23AFFFB40083538F /* ClaimsOverviewView.swift in Sources */ = {isa = PBXBuildFile; fileRef = EBCC9C8923AFFFB40083538F /* ClaimsOverviewView.swift */; };
		EBD24E3723AB08A900D35859 /* BlueButtonKit.framework in Frameworks */ = {isa = PBXBuildFile; fileRef = EBD24E2E23AB08A900D35859 /* BlueButtonKit.framework */; };
		EBD24E3E23AB08A900D35859 /* BlueButtonKitTests.swift in Sources */ = {isa = PBXBuildFile; fileRef = EBD24E3D23AB08A900D35859 /* BlueButtonKitTests.swift */; };
		EBD24E4023AB08AA00D35859 /* BlueButtonKit.h in Headers */ = {isa = PBXBuildFile; fileRef = EBD24E3023AB08A900D35859 /* BlueButtonKit.h */; settings = {ATTRIBUTES = (Public, ); }; };
		EBD24E4323AB08AA00D35859 /* BlueButtonKit.framework in Frameworks */ = {isa = PBXBuildFile; fileRef = EBD24E2E23AB08A900D35859 /* BlueButtonKit.framework */; };
		EBD24E4423AB08AA00D35859 /* BlueButtonKit.framework in Embed Frameworks */ = {isa = PBXBuildFile; fileRef = EBD24E2E23AB08A900D35859 /* BlueButtonKit.framework */; settings = {ATTRIBUTES = (CodeSignOnCopy, RemoveHeadersOnCopy, ); }; };
		EBD24E4E23AB09A800D35859 /* BlueButtonClaimOverviewView.swift in Sources */ = {isa = PBXBuildFile; fileRef = EBD24E4D23AB09A800D35859 /* BlueButtonClaimOverviewView.swift */; };
		EBD24E5323AB0BA400D35859 /* test_eob.json in Resources */ = {isa = PBXBuildFile; fileRef = EBD24E5223AB0BA400D35859 /* test_eob.json */; };
		EBE8FDAC238F53200047C024 /* PatientAssign.swift in Sources */ = {isa = PBXBuildFile; fileRef = EBE8FDAB238F53200047C024 /* PatientAssign.swift */; };
		EBEC7EBE23A6B700004D3C22 /* DPCKit.framework in Frameworks */ = {isa = PBXBuildFile; fileRef = EBEC7EB523A6B700004D3C22 /* DPCKit.framework */; };
		EBEC7EC523A6B700004D3C22 /* DPCKitTests.swift in Sources */ = {isa = PBXBuildFile; fileRef = EBEC7EC423A6B700004D3C22 /* DPCKitTests.swift */; };
		EBEC7EC723A6B700004D3C22 /* DPCKit.h in Headers */ = {isa = PBXBuildFile; fileRef = EBEC7EB723A6B700004D3C22 /* DPCKit.h */; settings = {ATTRIBUTES = (Public, ); }; };
		EBEC7ECA23A6B700004D3C22 /* DPCKit.framework in Frameworks */ = {isa = PBXBuildFile; fileRef = EBEC7EB523A6B700004D3C22 /* DPCKit.framework */; };
		EBEC7ECB23A6B700004D3C22 /* DPCKit.framework in Embed Frameworks */ = {isa = PBXBuildFile; fileRef = EBEC7EB523A6B700004D3C22 /* DPCKit.framework */; settings = {ATTRIBUTES = (CodeSignOnCopy, RemoveHeadersOnCopy, ); }; };
		EBEC7ED323A6B7FD004D3C22 /* DPCClient.swift in Sources */ = {isa = PBXBuildFile; fileRef = EB763A70236BBFA8001EC7C9 /* DPCClient.swift */; };
		EBEC7F0023A6BA6D004D3C22 /* Organization.swift in Sources */ = {isa = PBXBuildFile; fileRef = EB763A15236BA890001EC7C9 /* Organization.swift */; };
		EBEC7F0123A6BA6D004D3C22 /* Provider.swift in Sources */ = {isa = PBXBuildFile; fileRef = EB763A56236BABFD001EC7C9 /* Provider.swift */; };
		EBEC7F0223A6BA6D004D3C22 /* Name.swift in Sources */ = {isa = PBXBuildFile; fileRef = EB763A5A236BAD51001EC7C9 /* Name.swift */; };
		EBEC7F0323A6BA6D004D3C22 /* Patient.swift in Sources */ = {isa = PBXBuildFile; fileRef = EB763A5E236BB06E001EC7C9 /* Patient.swift */; };
		EBEC7F0423A6BA6D004D3C22 /* Person.swift in Sources */ = {isa = PBXBuildFile; fileRef = EB763A60236BB481001EC7C9 /* Person.swift */; };
		EBEC7F0523A6BA6D004D3C22 /* Address.swift in Sources */ = {isa = PBXBuildFile; fileRef = EB763A6E236BBE20001EC7C9 /* Address.swift */; };
		EBEC7F0623A6BA6D004D3C22 /* JobCompletionModel.swift in Sources */ = {isa = PBXBuildFile; fileRef = EBE7787D238234D6000AAFFA /* JobCompletionModel.swift */; };
		EBEC7F0723A6BA6D004D3C22 /* ExportDownload.swift in Sources */ = {isa = PBXBuildFile; fileRef = EBE7787F23823AD0000AAFFA /* ExportDownload.swift */; };
		EBEC7F0823A6BA6D004D3C22 /* FHIRExtensions.swift in Sources */ = {isa = PBXBuildFile; fileRef = EBAF7EC0238A295B0050039D /* FHIRExtensions.swift */; };
		EBEC7F0923A6BA94004D3C22 /* ExportClient.swift in Sources */ = {isa = PBXBuildFile; fileRef = EB5192672381BDF500C979C3 /* ExportClient.swift */; };
		EBEC7F0A23A6BA94004D3C22 /* FHIRSerializers.swift in Sources */ = {isa = PBXBuildFile; fileRef = EBB899FE238B713D008D7CB6 /* FHIRSerializers.swift */; };
		EBEC7F0B23A6BAA6004D3C22 /* StreamReader.swift in Sources */ = {isa = PBXBuildFile; fileRef = EBC0DA6E23838E1F006A2D0D /* StreamReader.swift */; };
		EBFA21FE23B2939600FFBAAB /* ClaimsManager.swift in Sources */ = {isa = PBXBuildFile; fileRef = EBFA21FD23B2939600FFBAAB /* ClaimsManager.swift */; };
/* End PBXBuildFile section */

/* Begin PBXContainerItemProxy section */
		EB100E8623667ED60065E084 /* PBXContainerItemProxy */ = {
			isa = PBXContainerItemProxy;
			containerPortal = EB100E6423667ED30065E084 /* Project object */;
			proxyType = 1;
			remoteGlobalIDString = EB100E6B23667ED30065E084;
			remoteInfo = DPCExplorer;
		};
		EB100E9123667ED60065E084 /* PBXContainerItemProxy */ = {
			isa = PBXContainerItemProxy;
			containerPortal = EB100E6423667ED30065E084 /* Project object */;
			proxyType = 1;
			remoteGlobalIDString = EB100E6B23667ED30065E084;
			remoteInfo = DPCExplorer;
		};
		EBD24E3823AB08A900D35859 /* PBXContainerItemProxy */ = {
			isa = PBXContainerItemProxy;
			containerPortal = EB100E6423667ED30065E084 /* Project object */;
			proxyType = 1;
			remoteGlobalIDString = EBD24E2D23AB08A900D35859;
			remoteInfo = BlueButtonKit;
		};
		EBD24E3A23AB08A900D35859 /* PBXContainerItemProxy */ = {
			isa = PBXContainerItemProxy;
			containerPortal = EB100E6423667ED30065E084 /* Project object */;
			proxyType = 1;
			remoteGlobalIDString = EB100E6B23667ED30065E084;
			remoteInfo = DPCExplorer;
		};
		EBD24E4123AB08AA00D35859 /* PBXContainerItemProxy */ = {
			isa = PBXContainerItemProxy;
			containerPortal = EB100E6423667ED30065E084 /* Project object */;
			proxyType = 1;
			remoteGlobalIDString = EBD24E2D23AB08A900D35859;
			remoteInfo = BlueButtonKit;
		};
		EBEC7EBF23A6B700004D3C22 /* PBXContainerItemProxy */ = {
			isa = PBXContainerItemProxy;
			containerPortal = EB100E6423667ED30065E084 /* Project object */;
			proxyType = 1;
			remoteGlobalIDString = EBEC7EB423A6B700004D3C22;
			remoteInfo = DPCKit;
		};
		EBEC7EC123A6B700004D3C22 /* PBXContainerItemProxy */ = {
			isa = PBXContainerItemProxy;
			containerPortal = EB100E6423667ED30065E084 /* Project object */;
			proxyType = 1;
			remoteGlobalIDString = EB100E6B23667ED30065E084;
			remoteInfo = DPCExplorer;
		};
		EBEC7EC823A6B700004D3C22 /* PBXContainerItemProxy */ = {
			isa = PBXContainerItemProxy;
			containerPortal = EB100E6423667ED30065E084 /* Project object */;
			proxyType = 1;
			remoteGlobalIDString = EBEC7EB423A6B700004D3C22;
			remoteInfo = DPCKit;
		};
/* End PBXContainerItemProxy section */

/* Begin PBXCopyFilesBuildPhase section */
		EBEC7ECC23A6B700004D3C22 /* Embed Frameworks */ = {
			isa = PBXCopyFilesBuildPhase;
			buildActionMask = 2147483647;
			dstPath = "";
			dstSubfolderSpec = 10;
			files = (
				EBEC7ECB23A6B700004D3C22 /* DPCKit.framework in Embed Frameworks */,
				EBD24E4423AB08AA00D35859 /* BlueButtonKit.framework in Embed Frameworks */,
			);
			name = "Embed Frameworks";
			runOnlyForDeploymentPostprocessing = 0;
		};
/* End PBXCopyFilesBuildPhase section */

/* Begin PBXFileReference section */
		032114DA39096A6340F38994 /* Pods-BlueButtonKit.debug.xcconfig */ = {isa = PBXFileReference; includeInIndex = 1; lastKnownFileType = text.xcconfig; name = "Pods-BlueButtonKit.debug.xcconfig"; path = "Target Support Files/Pods-BlueButtonKit/Pods-BlueButtonKit.debug.xcconfig"; sourceTree = "<group>"; };
		072F6965CF1379F8E124FAB9 /* Pods-DPCKit.debug.xcconfig */ = {isa = PBXFileReference; includeInIndex = 1; lastKnownFileType = text.xcconfig; name = "Pods-DPCKit.debug.xcconfig"; path = "Target Support Files/Pods-DPCKit/Pods-DPCKit.debug.xcconfig"; sourceTree = "<group>"; };
		11B78638D117DA686920F15D /* Pods_BlueButtonKit.framework */ = {isa = PBXFileReference; explicitFileType = wrapper.framework; includeInIndex = 0; path = Pods_BlueButtonKit.framework; sourceTree = BUILT_PRODUCTS_DIR; };
		201EBD646BF70F574710FD70 /* Pods-DPCKit-DPCKitTests.debug.xcconfig */ = {isa = PBXFileReference; includeInIndex = 1; lastKnownFileType = text.xcconfig; name = "Pods-DPCKit-DPCKitTests.debug.xcconfig"; path = "Target Support Files/Pods-DPCKit-DPCKitTests/Pods-DPCKit-DPCKitTests.debug.xcconfig"; sourceTree = "<group>"; };
		2F919A31A00F53067D2F115F /* Pods-SwiftFHIRDependency.debug.xcconfig */ = {isa = PBXFileReference; includeInIndex = 1; lastKnownFileType = text.xcconfig; name = "Pods-SwiftFHIRDependency.debug.xcconfig"; path = "Target Support Files/Pods-SwiftFHIRDependency/Pods-SwiftFHIRDependency.debug.xcconfig"; sourceTree = "<group>"; };
		37A255126037262E9279C462 /* Pods-DPCExplorerTests.release.xcconfig */ = {isa = PBXFileReference; includeInIndex = 1; lastKnownFileType = text.xcconfig; name = "Pods-DPCExplorerTests.release.xcconfig"; path = "Target Support Files/Pods-DPCExplorerTests/Pods-DPCExplorerTests.release.xcconfig"; sourceTree = "<group>"; };
		419443CB975BEC18AC36A47C /* Pods_BlueButtonKit_BlueButtonKitTests.framework */ = {isa = PBXFileReference; explicitFileType = wrapper.framework; includeInIndex = 0; path = Pods_BlueButtonKit_BlueButtonKitTests.framework; sourceTree = BUILT_PRODUCTS_DIR; };
		46180ECFF1E6B9050445EB39 /* Pods-BlueButtonKit-BlueButtonKitTests.debug.xcconfig */ = {isa = PBXFileReference; includeInIndex = 1; lastKnownFileType = text.xcconfig; name = "Pods-BlueButtonKit-BlueButtonKitTests.debug.xcconfig"; path = "Target Support Files/Pods-BlueButtonKit-BlueButtonKitTests/Pods-BlueButtonKit-BlueButtonKitTests.debug.xcconfig"; sourceTree = "<group>"; };
		5B1C4DB3A4F38B576B6ED7D6 /* Pods-DPCExplorer-DPCExplorerUITests.debug.xcconfig */ = {isa = PBXFileReference; includeInIndex = 1; lastKnownFileType = text.xcconfig; name = "Pods-DPCExplorer-DPCExplorerUITests.debug.xcconfig"; path = "Target Support Files/Pods-DPCExplorer-DPCExplorerUITests/Pods-DPCExplorer-DPCExplorerUITests.debug.xcconfig"; sourceTree = "<group>"; };
		5D1FAD053DEFBE0A8A6BDC12 /* Pods-DPCExplorerTests.debug.xcconfig */ = {isa = PBXFileReference; includeInIndex = 1; lastKnownFileType = text.xcconfig; name = "Pods-DPCExplorerTests.debug.xcconfig"; path = "Target Support Files/Pods-DPCExplorerTests/Pods-DPCExplorerTests.debug.xcconfig"; sourceTree = "<group>"; };
		5EF481C2E88EEF4F816FDB0A /* Pods_DPCExplorerTests.framework */ = {isa = PBXFileReference; explicitFileType = wrapper.framework; includeInIndex = 0; path = Pods_DPCExplorerTests.framework; sourceTree = BUILT_PRODUCTS_DIR; };
		60A36519FC620191B01BB292 /* Pods_DPCKit.framework */ = {isa = PBXFileReference; explicitFileType = wrapper.framework; includeInIndex = 0; path = Pods_DPCKit.framework; sourceTree = BUILT_PRODUCTS_DIR; };
		6B1D699D395AEFFCD4C87ED2 /* Pods_DPCExplorer.framework */ = {isa = PBXFileReference; explicitFileType = wrapper.framework; includeInIndex = 0; path = Pods_DPCExplorer.framework; sourceTree = BUILT_PRODUCTS_DIR; };
		6BC213C4B1A400F0A85F62EA /* Pods-BlueButtonKit.release.xcconfig */ = {isa = PBXFileReference; includeInIndex = 1; lastKnownFileType = text.xcconfig; name = "Pods-BlueButtonKit.release.xcconfig"; path = "Target Support Files/Pods-BlueButtonKit/Pods-BlueButtonKit.release.xcconfig"; sourceTree = "<group>"; };
		6D09C03747B2EA7E45FFC5DF /* Pods-SwiftFHIRDependency.release.xcconfig */ = {isa = PBXFileReference; includeInIndex = 1; lastKnownFileType = text.xcconfig; name = "Pods-SwiftFHIRDependency.release.xcconfig"; path = "Target Support Files/Pods-SwiftFHIRDependency/Pods-SwiftFHIRDependency.release.xcconfig"; sourceTree = "<group>"; };
		8FD5967649A23C4B08E6853D /* Pods-BlueButtonKit-BlueButtonKitTests.release.xcconfig */ = {isa = PBXFileReference; includeInIndex = 1; lastKnownFileType = text.xcconfig; name = "Pods-BlueButtonKit-BlueButtonKitTests.release.xcconfig"; path = "Target Support Files/Pods-BlueButtonKit-BlueButtonKitTests/Pods-BlueButtonKit-BlueButtonKitTests.release.xcconfig"; sourceTree = "<group>"; };
		93C10459F6BFA94E7E32D632 /* Pods-DPCKit-DPCKitTests.release.xcconfig */ = {isa = PBXFileReference; includeInIndex = 1; lastKnownFileType = text.xcconfig; name = "Pods-DPCKit-DPCKitTests.release.xcconfig"; path = "Target Support Files/Pods-DPCKit-DPCKitTests/Pods-DPCKit-DPCKitTests.release.xcconfig"; sourceTree = "<group>"; };
		AE5459FD7EB9B4BD2DE57E1B /* Pods_DPCKit_DPCKitTests.framework */ = {isa = PBXFileReference; explicitFileType = wrapper.framework; includeInIndex = 0; path = Pods_DPCKit_DPCKitTests.framework; sourceTree = BUILT_PRODUCTS_DIR; };
		D052DA08926F80FB702B7DD7 /* Pods-DPCExplorer.debug.xcconfig */ = {isa = PBXFileReference; includeInIndex = 1; lastKnownFileType = text.xcconfig; name = "Pods-DPCExplorer.debug.xcconfig"; path = "Target Support Files/Pods-DPCExplorer/Pods-DPCExplorer.debug.xcconfig"; sourceTree = "<group>"; };
		D66AA5004EB211FCACF1F4EA /* Pods-DPCKit.release.xcconfig */ = {isa = PBXFileReference; includeInIndex = 1; lastKnownFileType = text.xcconfig; name = "Pods-DPCKit.release.xcconfig"; path = "Target Support Files/Pods-DPCKit/Pods-DPCKit.release.xcconfig"; sourceTree = "<group>"; };
		E3E083957CB475B3655CAED9 /* Pods_SwiftFHIRDependency.framework */ = {isa = PBXFileReference; explicitFileType = wrapper.framework; includeInIndex = 0; path = Pods_SwiftFHIRDependency.framework; sourceTree = BUILT_PRODUCTS_DIR; };
		EB08272123AF136800CA7CC8 /* SwiftIcons.framework */ = {isa = PBXFileReference; lastKnownFileType = wrapper.framework; name = SwiftIcons.framework; path = Carthage/Build/iOS/SwiftIcons.framework; sourceTree = "<group>"; };
		EB08272823AF142500CA7CC8 /* VitalRecordBox.swift */ = {isa = PBXFileReference; lastKnownFileType = sourcecode.swift; path = VitalRecordBox.swift; sourceTree = "<group>"; };
		EB100E6C23667ED30065E084 /* DPCExplorer.app */ = {isa = PBXFileReference; explicitFileType = wrapper.application; includeInIndex = 0; path = DPCExplorer.app; sourceTree = BUILT_PRODUCTS_DIR; };
		EB100E6F23667ED30065E084 /* AppDelegate.swift */ = {isa = PBXFileReference; lastKnownFileType = sourcecode.swift; path = AppDelegate.swift; sourceTree = "<group>"; };
		EB100E7123667ED30065E084 /* SceneDelegate.swift */ = {isa = PBXFileReference; lastKnownFileType = sourcecode.swift; path = SceneDelegate.swift; sourceTree = "<group>"; };
		EB100E7623667ED30065E084 /* ContentView.swift */ = {isa = PBXFileReference; lastKnownFileType = sourcecode.swift; path = ContentView.swift; sourceTree = "<group>"; };
		EB100E7823667ED60065E084 /* Assets.xcassets */ = {isa = PBXFileReference; lastKnownFileType = folder.assetcatalog; path = Assets.xcassets; sourceTree = "<group>"; };
		EB100E7B23667ED60065E084 /* Preview Assets.xcassets */ = {isa = PBXFileReference; lastKnownFileType = folder.assetcatalog; path = "Preview Assets.xcassets"; sourceTree = "<group>"; };
		EB100E7E23667ED60065E084 /* Base */ = {isa = PBXFileReference; lastKnownFileType = file.storyboard; name = Base; path = Base.lproj/LaunchScreen.storyboard; sourceTree = "<group>"; };
		EB100E8023667ED60065E084 /* Info.plist */ = {isa = PBXFileReference; lastKnownFileType = text.plist.xml; path = Info.plist; sourceTree = "<group>"; };
		EB100E8523667ED60065E084 /* DPCExplorerTests.xctest */ = {isa = PBXFileReference; explicitFileType = wrapper.cfbundle; includeInIndex = 0; path = DPCExplorerTests.xctest; sourceTree = BUILT_PRODUCTS_DIR; };
		EB100E8923667ED60065E084 /* DPCExplorerTests.swift */ = {isa = PBXFileReference; lastKnownFileType = sourcecode.swift; path = DPCExplorerTests.swift; sourceTree = "<group>"; };
		EB100E8B23667ED60065E084 /* Info.plist */ = {isa = PBXFileReference; lastKnownFileType = text.plist.xml; path = Info.plist; sourceTree = "<group>"; };
		EB100E9023667ED60065E084 /* DPCExplorerUITests.xctest */ = {isa = PBXFileReference; explicitFileType = wrapper.cfbundle; includeInIndex = 0; path = DPCExplorerUITests.xctest; sourceTree = BUILT_PRODUCTS_DIR; };
		EB100E9423667ED60065E084 /* DPCExplorerUITests.swift */ = {isa = PBXFileReference; lastKnownFileType = sourcecode.swift; path = DPCExplorerUITests.swift; sourceTree = "<group>"; };
		EB100E9623667ED60065E084 /* Info.plist */ = {isa = PBXFileReference; lastKnownFileType = text.plist.xml; path = Info.plist; sourceTree = "<group>"; };
		EB1BE1C523B5157600D33A7E /* DPCKit.xcdatamodel */ = {isa = PBXFileReference; lastKnownFileType = wrapper.xcdatamodel; path = DPCKit.xcdatamodel; sourceTree = "<group>"; };
		EB1BE1C723B51BDB00D33A7E /* LICENSE.md */ = {isa = PBXFileReference; lastKnownFileType = net.daringfireball.markdown; path = LICENSE.md; sourceTree = "<group>"; };
		EB1BE1C823B51BFF00D33A7E /* README.md */ = {isa = PBXFileReference; lastKnownFileType = net.daringfireball.markdown; path = README.md; sourceTree = "<group>"; };
		EB1BE1C923B51DE300D33A7E /* PreferencesManager.swift */ = {isa = PBXFileReference; lastKnownFileType = sourcecode.swift; path = PreferencesManager.swift; sourceTree = "<group>"; };
		EB1BE1CB23B53C6100D33A7E /* FullScreenButton.swift */ = {isa = PBXFileReference; lastKnownFileType = sourcecode.swift; path = FullScreenButton.swift; sourceTree = "<group>"; };
		EB1BE1CE23B53EA100D33A7E /* InitialOnboardingView.swift */ = {isa = PBXFileReference; lastKnownFileType = sourcecode.swift; path = InitialOnboardingView.swift; sourceTree = "<group>"; };
		EB1BE1D023B53ED300D33A7E /* HostSelectionView.swift */ = {isa = PBXFileReference; lastKnownFileType = sourcecode.swift; path = HostSelectionView.swift; sourceTree = "<group>"; };
		EB1BE1D223B5433600D33A7E /* ClientIDInputView.swift */ = {isa = PBXFileReference; lastKnownFileType = sourcecode.swift; path = ClientIDInputView.swift; sourceTree = "<group>"; };
		EB1BE1D423B5450500D33A7E /* PublicKeyUploadView.swift */ = {isa = PBXFileReference; lastKnownFileType = sourcecode.swift; path = PublicKeyUploadView.swift; sourceTree = "<group>"; };
		EB1BE1D623B5463D00D33A7E /* OnboardingCompleteView.swift */ = {isa = PBXFileReference; lastKnownFileType = sourcecode.swift; path = OnboardingCompleteView.swift; sourceTree = "<group>"; };
		EB1BE1D823B5467400D33A7E /* OnboardingProtocol.swift */ = {isa = PBXFileReference; lastKnownFileType = sourcecode.swift; path = OnboardingProtocol.swift; sourceTree = "<group>"; };
		EB1BE1DA23B54F2F00D33A7E /* SettingsView.swift */ = {isa = PBXFileReference; lastKnownFileType = sourcecode.swift; path = SettingsView.swift; sourceTree = "<group>"; };
		EB3F1EC523A72239002844C1 /* InitialsView.swift */ = {isa = PBXFileReference; lastKnownFileType = sourcecode.swift; path = InitialsView.swift; sourceTree = "<group>"; };
		EB3F1EC723A723FB002844C1 /* NameView.swift */ = {isa = PBXFileReference; lastKnownFileType = sourcecode.swift; path = NameView.swift; sourceTree = "<group>"; };
		EB427DCA2374E84D00833623 /* OnboardingView.swift */ = {isa = PBXFileReference; lastKnownFileType = sourcecode.swift; path = OnboardingView.swift; sourceTree = "<group>"; };
		EB5192672381BDF500C979C3 /* ExportClient.swift */ = {isa = PBXFileReference; lastKnownFileType = sourcecode.swift; path = ExportClient.swift; sourceTree = "<group>"; };
		EB763A15236BA890001EC7C9 /* Organization.swift */ = {isa = PBXFileReference; lastKnownFileType = sourcecode.swift; path = Organization.swift; sourceTree = "<group>"; };
		EB763A56236BABFD001EC7C9 /* Provider.swift */ = {isa = PBXFileReference; lastKnownFileType = sourcecode.swift; path = Provider.swift; sourceTree = "<group>"; };
		EB763A58236BACA9001EC7C9 /* ProviderBioView.swift */ = {isa = PBXFileReference; lastKnownFileType = sourcecode.swift; path = ProviderBioView.swift; sourceTree = "<group>"; };
		EB763A5A236BAD51001EC7C9 /* Name.swift */ = {isa = PBXFileReference; lastKnownFileType = sourcecode.swift; path = Name.swift; sourceTree = "<group>"; };
		EB763A5C236BAD7E001EC7C9 /* TestResources.swift */ = {isa = PBXFileReference; lastKnownFileType = sourcecode.swift; path = TestResources.swift; sourceTree = "<group>"; };
		EB763A5E236BB06E001EC7C9 /* Patient.swift */ = {isa = PBXFileReference; lastKnownFileType = sourcecode.swift; path = Patient.swift; sourceTree = "<group>"; };
		EB763A60236BB481001EC7C9 /* Person.swift */ = {isa = PBXFileReference; lastKnownFileType = sourcecode.swift; path = Person.swift; sourceTree = "<group>"; };
		EB763A62236BB512001EC7C9 /* PersonCellView.swift */ = {isa = PBXFileReference; lastKnownFileType = sourcecode.swift; path = PersonCellView.swift; sourceTree = "<group>"; };
		EB763A64236BB582001EC7C9 /* ViewHelpers.swift */ = {isa = PBXFileReference; lastKnownFileType = sourcecode.swift; path = ViewHelpers.swift; sourceTree = "<group>"; };
		EB763A66236BB804001EC7C9 /* ProviderView.swift */ = {isa = PBXFileReference; lastKnownFileType = sourcecode.swift; path = ProviderView.swift; sourceTree = "<group>"; };
		EB763A68236BB922001EC7C9 /* PatientView.swift */ = {isa = PBXFileReference; lastKnownFileType = sourcecode.swift; path = PatientView.swift; sourceTree = "<group>"; };
		EB763A6A236BB9B3001EC7C9 /* PatientDetailView.swift */ = {isa = PBXFileReference; lastKnownFileType = sourcecode.swift; path = PatientDetailView.swift; sourceTree = "<group>"; };
		EB763A6C236BB9D0001EC7C9 /* PatientBioView.swift */ = {isa = PBXFileReference; lastKnownFileType = sourcecode.swift; path = PatientBioView.swift; sourceTree = "<group>"; };
		EB763A6E236BBE20001EC7C9 /* Address.swift */ = {isa = PBXFileReference; lastKnownFileType = sourcecode.swift; path = Address.swift; sourceTree = "<group>"; };
		EB763A70236BBFA8001EC7C9 /* DPCClient.swift */ = {isa = PBXFileReference; lastKnownFileType = sourcecode.swift; path = DPCClient.swift; sourceTree = "<group>"; };
		EB9976F1236687D40072DD9B /* OrganizationView.swift */ = {isa = PBXFileReference; lastKnownFileType = sourcecode.swift; path = OrganizationView.swift; sourceTree = "<group>"; };
		EB9976F3236689320072DD9B /* ProviderDetailView.swift */ = {isa = PBXFileReference; lastKnownFileType = sourcecode.swift; path = ProviderDetailView.swift; sourceTree = "<group>"; };
		EBAA8A60236CF7AD00EC0253 /* MainView.swift */ = {isa = PBXFileReference; lastKnownFileType = sourcecode.swift; path = MainView.swift; sourceTree = "<group>"; };
		EBAF7EBE238A0E0E0050039D /* PatientAdd.swift */ = {isa = PBXFileReference; lastKnownFileType = sourcecode.swift; path = PatientAdd.swift; sourceTree = "<group>"; };
		EBAF7EC0238A295B0050039D /* FHIRExtensions.swift */ = {isa = PBXFileReference; lastKnownFileType = sourcecode.swift; path = FHIRExtensions.swift; sourceTree = "<group>"; };
		EBB899FC238B6E25008D7CB6 /* ProviderAdd.swift */ = {isa = PBXFileReference; lastKnownFileType = sourcecode.swift; path = ProviderAdd.swift; sourceTree = "<group>"; };
		EBB899FE238B713D008D7CB6 /* FHIRSerializers.swift */ = {isa = PBXFileReference; lastKnownFileType = sourcecode.swift; path = FHIRSerializers.swift; sourceTree = "<group>"; };
		EBC0DA6E23838E1F006A2D0D /* StreamReader.swift */ = {isa = PBXFileReference; lastKnownFileType = sourcecode.swift; path = StreamReader.swift; sourceTree = "<group>"; };
		EBC5EB47239039C6003E0B3B /* SelectableRow.swift */ = {isa = PBXFileReference; lastKnownFileType = sourcecode.swift; path = SelectableRow.swift; sourceTree = "<group>"; };
		EBCC9C8123AFE93E0083538F /* EOBItemExtensions.swift */ = {isa = PBXFileReference; lastKnownFileType = sourcecode.swift; path = EOBItemExtensions.swift; sourceTree = "<group>"; };
		EBCC9C8323AFEAFC0083538F /* EOBExtensions.swift */ = {isa = PBXFileReference; lastKnownFileType = sourcecode.swift; path = EOBExtensions.swift; sourceTree = "<group>"; };
		EBCC9C8523AFFB8C0083538F /* ServiceRowItemView.swift */ = {isa = PBXFileReference; lastKnownFileType = sourcecode.swift; path = ServiceRowItemView.swift; sourceTree = "<group>"; };
		EBCC9C8923AFFFB40083538F /* ClaimsOverviewView.swift */ = {isa = PBXFileReference; lastKnownFileType = sourcecode.swift; path = ClaimsOverviewView.swift; sourceTree = "<group>"; };
		EBD24E2E23AB08A900D35859 /* BlueButtonKit.framework */ = {isa = PBXFileReference; explicitFileType = wrapper.framework; includeInIndex = 0; path = BlueButtonKit.framework; sourceTree = BUILT_PRODUCTS_DIR; };
		EBD24E3023AB08A900D35859 /* BlueButtonKit.h */ = {isa = PBXFileReference; lastKnownFileType = sourcecode.c.h; path = BlueButtonKit.h; sourceTree = "<group>"; };
		EBD24E3123AB08A900D35859 /* Info.plist */ = {isa = PBXFileReference; lastKnownFileType = text.plist.xml; path = Info.plist; sourceTree = "<group>"; };
		EBD24E3623AB08A900D35859 /* BlueButtonKitTests.xctest */ = {isa = PBXFileReference; explicitFileType = wrapper.cfbundle; includeInIndex = 0; path = BlueButtonKitTests.xctest; sourceTree = BUILT_PRODUCTS_DIR; };
		EBD24E3D23AB08A900D35859 /* BlueButtonKitTests.swift */ = {isa = PBXFileReference; lastKnownFileType = sourcecode.swift; path = BlueButtonKitTests.swift; sourceTree = "<group>"; };
		EBD24E3F23AB08AA00D35859 /* Info.plist */ = {isa = PBXFileReference; lastKnownFileType = text.plist.xml; path = Info.plist; sourceTree = "<group>"; };
		EBD24E4D23AB09A800D35859 /* BlueButtonClaimOverviewView.swift */ = {isa = PBXFileReference; lastKnownFileType = sourcecode.swift; path = BlueButtonClaimOverviewView.swift; sourceTree = "<group>"; };
		EBD24E5023AB0A4800D35859 /* Test Resources.swift */ = {isa = PBXFileReference; lastKnownFileType = sourcecode.swift; path = "Test Resources.swift"; sourceTree = "<group>"; };
		EBD24E5223AB0BA400D35859 /* test_eob.json */ = {isa = PBXFileReference; lastKnownFileType = text.json; path = test_eob.json; sourceTree = "<group>"; };
		EBD24E5423AB0C8E00D35859 /* LoadData.swift */ = {isa = PBXFileReference; lastKnownFileType = sourcecode.swift; path = LoadData.swift; sourceTree = "<group>"; };
		EBE7787D238234D6000AAFFA /* JobCompletionModel.swift */ = {isa = PBXFileReference; lastKnownFileType = sourcecode.swift; path = JobCompletionModel.swift; sourceTree = "<group>"; };
		EBE7787F23823AD0000AAFFA /* ExportDownload.swift */ = {isa = PBXFileReference; lastKnownFileType = sourcecode.swift; path = ExportDownload.swift; sourceTree = "<group>"; };
		EBE8FDAB238F53200047C024 /* PatientAssign.swift */ = {isa = PBXFileReference; lastKnownFileType = sourcecode.swift; path = PatientAssign.swift; sourceTree = "<group>"; };
		EBEC7EB523A6B700004D3C22 /* DPCKit.framework */ = {isa = PBXFileReference; explicitFileType = wrapper.framework; includeInIndex = 0; path = DPCKit.framework; sourceTree = BUILT_PRODUCTS_DIR; };
		EBEC7EB723A6B700004D3C22 /* DPCKit.h */ = {isa = PBXFileReference; lastKnownFileType = sourcecode.c.h; path = DPCKit.h; sourceTree = "<group>"; };
		EBEC7EB823A6B700004D3C22 /* Info.plist */ = {isa = PBXFileReference; lastKnownFileType = text.plist.xml; path = Info.plist; sourceTree = "<group>"; };
		EBEC7EBD23A6B700004D3C22 /* DPCKitTests.xctest */ = {isa = PBXFileReference; explicitFileType = wrapper.cfbundle; includeInIndex = 0; path = DPCKitTests.xctest; sourceTree = BUILT_PRODUCTS_DIR; };
		EBEC7EC423A6B700004D3C22 /* DPCKitTests.swift */ = {isa = PBXFileReference; lastKnownFileType = sourcecode.swift; path = DPCKitTests.swift; sourceTree = "<group>"; };
		EBEC7EC623A6B700004D3C22 /* Info.plist */ = {isa = PBXFileReference; lastKnownFileType = text.plist.xml; path = Info.plist; sourceTree = "<group>"; };
		EBFA21FD23B2939600FFBAAB /* ClaimsManager.swift */ = {isa = PBXFileReference; lastKnownFileType = sourcecode.swift; path = ClaimsManager.swift; sourceTree = "<group>"; };
		F3DF8002CA6518F5A87E6CBB /* Pods_DPCExplorer_DPCExplorerUITests.framework */ = {isa = PBXFileReference; explicitFileType = wrapper.framework; includeInIndex = 0; path = Pods_DPCExplorer_DPCExplorerUITests.framework; sourceTree = BUILT_PRODUCTS_DIR; };
		F407B3ED6A60C5A18F24C812 /* Pods-DPCExplorer.release.xcconfig */ = {isa = PBXFileReference; includeInIndex = 1; lastKnownFileType = text.xcconfig; name = "Pods-DPCExplorer.release.xcconfig"; path = "Target Support Files/Pods-DPCExplorer/Pods-DPCExplorer.release.xcconfig"; sourceTree = "<group>"; };
		F5E5D4A0CE91F84DADB270B0 /* Pods-DPCExplorer-DPCExplorerUITests.release.xcconfig */ = {isa = PBXFileReference; includeInIndex = 1; lastKnownFileType = text.xcconfig; name = "Pods-DPCExplorer-DPCExplorerUITests.release.xcconfig"; path = "Target Support Files/Pods-DPCExplorer-DPCExplorerUITests/Pods-DPCExplorer-DPCExplorerUITests.release.xcconfig"; sourceTree = "<group>"; };
/* End PBXFileReference section */

/* Begin PBXFrameworksBuildPhase section */
		EB100E6923667ED30065E084 /* Frameworks */ = {
			isa = PBXFrameworksBuildPhase;
			buildActionMask = 2147483647;
			files = (
				EBEC7ECA23A6B700004D3C22 /* DPCKit.framework in Frameworks */,
				EBD24E4323AB08AA00D35859 /* BlueButtonKit.framework in Frameworks */,
				3E72FD8D912505218BEB24E7 /* Pods_DPCExplorer.framework in Frameworks */,
			);
			runOnlyForDeploymentPostprocessing = 0;
		};
		EB100E8223667ED60065E084 /* Frameworks */ = {
			isa = PBXFrameworksBuildPhase;
			buildActionMask = 2147483647;
			files = (
				DE1D35593FAB0040BA0190D3 /* Pods_DPCExplorerTests.framework in Frameworks */,
			);
			runOnlyForDeploymentPostprocessing = 0;
		};
		EB100E8D23667ED60065E084 /* Frameworks */ = {
			isa = PBXFrameworksBuildPhase;
			buildActionMask = 2147483647;
			files = (
				3EA4E4983F35A82061F2D571 /* Pods_DPCExplorer_DPCExplorerUITests.framework in Frameworks */,
			);
			runOnlyForDeploymentPostprocessing = 0;
		};
		EBD24E2B23AB08A900D35859 /* Frameworks */ = {
			isa = PBXFrameworksBuildPhase;
			buildActionMask = 2147483647;
			files = (
				5F801CF2328D18F0FBA058A8 /* Pods_BlueButtonKit.framework in Frameworks */,
			);
			runOnlyForDeploymentPostprocessing = 0;
		};
		EBD24E3323AB08A900D35859 /* Frameworks */ = {
			isa = PBXFrameworksBuildPhase;
			buildActionMask = 2147483647;
			files = (
				EBD24E3723AB08A900D35859 /* BlueButtonKit.framework in Frameworks */,
				CBA07E9CE0AAC032FA642AA6 /* Pods_BlueButtonKit_BlueButtonKitTests.framework in Frameworks */,
			);
			runOnlyForDeploymentPostprocessing = 0;
		};
		EBEC7EB223A6B700004D3C22 /* Frameworks */ = {
			isa = PBXFrameworksBuildPhase;
			buildActionMask = 2147483647;
			files = (
				1DD7BF3654365C4E51436D9C /* Pods_DPCKit.framework in Frameworks */,
			);
			runOnlyForDeploymentPostprocessing = 0;
		};
		EBEC7EBA23A6B700004D3C22 /* Frameworks */ = {
			isa = PBXFrameworksBuildPhase;
			buildActionMask = 2147483647;
			files = (
				EBEC7EBE23A6B700004D3C22 /* DPCKit.framework in Frameworks */,
				C89688467C44567C558D0E0E /* Pods_DPCKit_DPCKitTests.framework in Frameworks */,
			);
			runOnlyForDeploymentPostprocessing = 0;
		};
/* End PBXFrameworksBuildPhase section */

/* Begin PBXGroup section */
		1F885630C864F335333E77EE /* Pods */ = {
			isa = PBXGroup;
			children = (
				032114DA39096A6340F38994 /* Pods-BlueButtonKit.debug.xcconfig */,
				6BC213C4B1A400F0A85F62EA /* Pods-BlueButtonKit.release.xcconfig */,
				46180ECFF1E6B9050445EB39 /* Pods-BlueButtonKit-BlueButtonKitTests.debug.xcconfig */,
				8FD5967649A23C4B08E6853D /* Pods-BlueButtonKit-BlueButtonKitTests.release.xcconfig */,
				D052DA08926F80FB702B7DD7 /* Pods-DPCExplorer.debug.xcconfig */,
				F407B3ED6A60C5A18F24C812 /* Pods-DPCExplorer.release.xcconfig */,
				5B1C4DB3A4F38B576B6ED7D6 /* Pods-DPCExplorer-DPCExplorerUITests.debug.xcconfig */,
				F5E5D4A0CE91F84DADB270B0 /* Pods-DPCExplorer-DPCExplorerUITests.release.xcconfig */,
				5D1FAD053DEFBE0A8A6BDC12 /* Pods-DPCExplorerTests.debug.xcconfig */,
				37A255126037262E9279C462 /* Pods-DPCExplorerTests.release.xcconfig */,
				072F6965CF1379F8E124FAB9 /* Pods-DPCKit.debug.xcconfig */,
				D66AA5004EB211FCACF1F4EA /* Pods-DPCKit.release.xcconfig */,
				201EBD646BF70F574710FD70 /* Pods-DPCKit-DPCKitTests.debug.xcconfig */,
				93C10459F6BFA94E7E32D632 /* Pods-DPCKit-DPCKitTests.release.xcconfig */,
				2F919A31A00F53067D2F115F /* Pods-SwiftFHIRDependency.debug.xcconfig */,
				6D09C03747B2EA7E45FFC5DF /* Pods-SwiftFHIRDependency.release.xcconfig */,
			);
			path = Pods;
			sourceTree = "<group>";
		};
		EB100E6323667ED30065E084 = {
			isa = PBXGroup;
			children = (
				EB1BE1C823B51BFF00D33A7E /* README.md */,
				EB1BE1C723B51BDB00D33A7E /* LICENSE.md */,
				EB100E6E23667ED30065E084 /* DPCExplorer */,
				EB100E8823667ED60065E084 /* DPCExplorerTests */,
				EB100E9323667ED60065E084 /* DPCExplorerUITests */,
				EBEC7EB623A6B700004D3C22 /* DPCKit */,
				EBEC7EC323A6B700004D3C22 /* DPCKitTests */,
				EBD24E2F23AB08A900D35859 /* BlueButtonKit */,
				EBD24E3C23AB08A900D35859 /* BlueButtonKitTests */,
				EB100E6D23667ED30065E084 /* Products */,
				EBEC7ED423A6B85A004D3C22 /* Frameworks */,
				1F885630C864F335333E77EE /* Pods */,
			);
			sourceTree = "<group>";
		};
		EB100E6D23667ED30065E084 /* Products */ = {
			isa = PBXGroup;
			children = (
				EB100E6C23667ED30065E084 /* DPCExplorer.app */,
				EB100E8523667ED60065E084 /* DPCExplorerTests.xctest */,
				EB100E9023667ED60065E084 /* DPCExplorerUITests.xctest */,
				EBEC7EB523A6B700004D3C22 /* DPCKit.framework */,
				EBEC7EBD23A6B700004D3C22 /* DPCKitTests.xctest */,
				EBD24E2E23AB08A900D35859 /* BlueButtonKit.framework */,
				EBD24E3623AB08A900D35859 /* BlueButtonKitTests.xctest */,
			);
			name = Products;
			sourceTree = "<group>";
		};
		EB100E6E23667ED30065E084 /* DPCExplorer */ = {
			isa = PBXGroup;
			children = (
				EB3F1EC523A72239002844C1 /* InitialsView.swift */,
				EB1BE1CD23B53E9200D33A7E /* OnboardingViews */,
				EBD24E2823AB086800D35859 /* ProviderViews */,
				EB3F1EC423A71F2B002844C1 /* PatientViews */,
				EB100E6F23667ED30065E084 /* AppDelegate.swift */,
				EB100E7123667ED30065E084 /* SceneDelegate.swift */,
				EB100E7623667ED30065E084 /* ContentView.swift */,
				EB100E7823667ED60065E084 /* Assets.xcassets */,
				EB100E7D23667ED60065E084 /* LaunchScreen.storyboard */,
				EB100E8023667ED60065E084 /* Info.plist */,
				EB100E7A23667ED60065E084 /* Preview Content */,
				EB9976F1236687D40072DD9B /* OrganizationView.swift */,
				EB763A62236BB512001EC7C9 /* PersonCellView.swift */,
				EB763A64236BB582001EC7C9 /* ViewHelpers.swift */,
				EBAA8A60236CF7AD00EC0253 /* MainView.swift */,
				EB427DCA2374E84D00833623 /* OnboardingView.swift */,
				EBC5EB47239039C6003E0B3B /* SelectableRow.swift */,
				EB3F1EC723A723FB002844C1 /* NameView.swift */,
				EB1BE1C923B51DE300D33A7E /* PreferencesManager.swift */,
				EB1BE1CB23B53C6100D33A7E /* FullScreenButton.swift */,
				EB1BE1DA23B54F2F00D33A7E /* SettingsView.swift */,
			);
			path = DPCExplorer;
			sourceTree = "<group>";
		};
		EB100E7A23667ED60065E084 /* Preview Content */ = {
			isa = PBXGroup;
			children = (
				EB100E7B23667ED60065E084 /* Preview Assets.xcassets */,
				EB763A5C236BAD7E001EC7C9 /* TestResources.swift */,
			);
			path = "Preview Content";
			sourceTree = "<group>";
		};
		EB100E8823667ED60065E084 /* DPCExplorerTests */ = {
			isa = PBXGroup;
			children = (
				EB100E8923667ED60065E084 /* DPCExplorerTests.swift */,
				EB100E8B23667ED60065E084 /* Info.plist */,
			);
			path = DPCExplorerTests;
			sourceTree = "<group>";
		};
		EB100E9323667ED60065E084 /* DPCExplorerUITests */ = {
			isa = PBXGroup;
			children = (
				EB100E9423667ED60065E084 /* DPCExplorerUITests.swift */,
				EB100E9623667ED60065E084 /* Info.plist */,
			);
			path = DPCExplorerUITests;
			sourceTree = "<group>";
		};
		EB1BE1CD23B53E9200D33A7E /* OnboardingViews */ = {
			isa = PBXGroup;
			children = (
				EB1BE1CE23B53EA100D33A7E /* InitialOnboardingView.swift */,
				EB1BE1D023B53ED300D33A7E /* HostSelectionView.swift */,
				EB1BE1D223B5433600D33A7E /* ClientIDInputView.swift */,
				EB1BE1D423B5450500D33A7E /* PublicKeyUploadView.swift */,
				EB1BE1D623B5463D00D33A7E /* OnboardingCompleteView.swift */,
				EB1BE1D823B5467400D33A7E /* OnboardingProtocol.swift */,
			);
			path = OnboardingViews;
			sourceTree = "<group>";
		};
		EB3F1EC423A71F2B002844C1 /* PatientViews */ = {
			isa = PBXGroup;
			children = (
				EB763A68236BB922001EC7C9 /* PatientView.swift */,
				EB763A6C236BB9D0001EC7C9 /* PatientBioView.swift */,
				EB763A6A236BB9B3001EC7C9 /* PatientDetailView.swift */,
				EBAF7EBE238A0E0E0050039D /* PatientAdd.swift */,
			);
			path = PatientViews;
			sourceTree = "<group>";
		};
		EB763A14236BA87C001EC7C9 /* Models */ = {
			isa = PBXGroup;
			children = (
				EB763A15236BA890001EC7C9 /* Organization.swift */,
				EB763A56236BABFD001EC7C9 /* Provider.swift */,
				EB763A5A236BAD51001EC7C9 /* Name.swift */,
				EB763A5E236BB06E001EC7C9 /* Patient.swift */,
				EB763A60236BB481001EC7C9 /* Person.swift */,
				EB763A6E236BBE20001EC7C9 /* Address.swift */,
				EBE7787D238234D6000AAFFA /* JobCompletionModel.swift */,
				EBE7787F23823AD0000AAFFA /* ExportDownload.swift */,
				EBAF7EC0238A295B0050039D /* FHIRExtensions.swift */,
			);
			path = Models;
			sourceTree = "<group>";
		};
		EBD24E2823AB086800D35859 /* ProviderViews */ = {
			isa = PBXGroup;
			children = (
				EB763A66236BB804001EC7C9 /* ProviderView.swift */,
				EB9976F3236689320072DD9B /* ProviderDetailView.swift */,
				EB763A58236BACA9001EC7C9 /* ProviderBioView.swift */,
				EBB899FC238B6E25008D7CB6 /* ProviderAdd.swift */,
				EBE8FDAB238F53200047C024 /* PatientAssign.swift */,
			);
			path = ProviderViews;
			sourceTree = "<group>";
		};
		EBD24E2F23AB08A900D35859 /* BlueButtonKit */ = {
			isa = PBXGroup;
			children = (
				EBD24E4F23AB0A3500D35859 /* Preview Content */,
				EBD24E3023AB08A900D35859 /* BlueButtonKit.h */,
				EBD24E3123AB08A900D35859 /* Info.plist */,
				EBD24E4D23AB09A800D35859 /* BlueButtonClaimOverviewView.swift */,
				EB08272823AF142500CA7CC8 /* VitalRecordBox.swift */,
				EBCC9C8123AFE93E0083538F /* EOBItemExtensions.swift */,
				EBCC9C8323AFEAFC0083538F /* EOBExtensions.swift */,
				EBCC9C8523AFFB8C0083538F /* ServiceRowItemView.swift */,
				EBCC9C8923AFFFB40083538F /* ClaimsOverviewView.swift */,
				EBFA21FD23B2939600FFBAAB /* ClaimsManager.swift */,
			);
			path = BlueButtonKit;
			sourceTree = "<group>";
		};
		EBD24E3C23AB08A900D35859 /* BlueButtonKitTests */ = {
			isa = PBXGroup;
			children = (
				EBD24E3D23AB08A900D35859 /* BlueButtonKitTests.swift */,
				EBD24E3F23AB08AA00D35859 /* Info.plist */,
			);
			path = BlueButtonKitTests;
			sourceTree = "<group>";
		};
		EBD24E4F23AB0A3500D35859 /* Preview Content */ = {
			isa = PBXGroup;
			children = (
				EBD24E5023AB0A4800D35859 /* Test Resources.swift */,
				EBD24E5423AB0C8E00D35859 /* LoadData.swift */,
				EBD24E5223AB0BA400D35859 /* test_eob.json */,
			);
			path = "Preview Content";
			sourceTree = "<group>";
		};
		EBEC7EB623A6B700004D3C22 /* DPCKit */ = {
			isa = PBXGroup;
			children = (
				EB1BE1C423B5157600D33A7E /* DPCKit.xcdatamodeld */,
				EBC0DA6E23838E1F006A2D0D /* StreamReader.swift */,
				EB5192672381BDF500C979C3 /* ExportClient.swift */,
				EBB899FE238B713D008D7CB6 /* FHIRSerializers.swift */,
				EB763A14236BA87C001EC7C9 /* Models */,
				EB763A70236BBFA8001EC7C9 /* DPCClient.swift */,
				EBEC7EB723A6B700004D3C22 /* DPCKit.h */,
				EBEC7EB823A6B700004D3C22 /* Info.plist */,
			);
			path = DPCKit;
			sourceTree = "<group>";
		};
		EBEC7EC323A6B700004D3C22 /* DPCKitTests */ = {
			isa = PBXGroup;
			children = (
				EBEC7EC423A6B700004D3C22 /* DPCKitTests.swift */,
				EBEC7EC623A6B700004D3C22 /* Info.plist */,
			);
			path = DPCKitTests;
			sourceTree = "<group>";
		};
		EBEC7ED423A6B85A004D3C22 /* Frameworks */ = {
			isa = PBXGroup;
			children = (
				EB08272123AF136800CA7CC8 /* SwiftIcons.framework */,
				11B78638D117DA686920F15D /* Pods_BlueButtonKit.framework */,
				419443CB975BEC18AC36A47C /* Pods_BlueButtonKit_BlueButtonKitTests.framework */,
				6B1D699D395AEFFCD4C87ED2 /* Pods_DPCExplorer.framework */,
				F3DF8002CA6518F5A87E6CBB /* Pods_DPCExplorer_DPCExplorerUITests.framework */,
				5EF481C2E88EEF4F816FDB0A /* Pods_DPCExplorerTests.framework */,
				60A36519FC620191B01BB292 /* Pods_DPCKit.framework */,
				AE5459FD7EB9B4BD2DE57E1B /* Pods_DPCKit_DPCKitTests.framework */,
				E3E083957CB475B3655CAED9 /* Pods_SwiftFHIRDependency.framework */,
			);
			name = Frameworks;
			sourceTree = "<group>";
		};
/* End PBXGroup section */

/* Begin PBXHeadersBuildPhase section */
		EBD24E2923AB08A900D35859 /* Headers */ = {
			isa = PBXHeadersBuildPhase;
			buildActionMask = 2147483647;
			files = (
				EBD24E4023AB08AA00D35859 /* BlueButtonKit.h in Headers */,
			);
			runOnlyForDeploymentPostprocessing = 0;
		};
		EBEC7EB023A6B700004D3C22 /* Headers */ = {
			isa = PBXHeadersBuildPhase;
			buildActionMask = 2147483647;
			files = (
				EBEC7EC723A6B700004D3C22 /* DPCKit.h in Headers */,
			);
			runOnlyForDeploymentPostprocessing = 0;
		};
/* End PBXHeadersBuildPhase section */

/* Begin PBXNativeTarget section */
		EB100E6B23667ED30065E084 /* DPCExplorer */ = {
			isa = PBXNativeTarget;
			buildConfigurationList = EB100E9923667ED60065E084 /* Build configuration list for PBXNativeTarget "DPCExplorer" */;
			buildPhases = (
				134A67A2279908FBC9BCF82A /* [CP] Check Pods Manifest.lock */,
				EB100E6823667ED30065E084 /* Sources */,
				EB100E6923667ED30065E084 /* Frameworks */,
				EB100E6A23667ED30065E084 /* Resources */,
				EBEC7ECC23A6B700004D3C22 /* Embed Frameworks */,
				82F0C90C023DF46519B9CDDC /* [CP] Embed Pods Frameworks */,
			);
			buildRules = (
			);
			dependencies = (
				EBEC7EC923A6B700004D3C22 /* PBXTargetDependency */,
				EBD24E4223AB08AA00D35859 /* PBXTargetDependency */,
			);
			name = DPCExplorer;
			productName = DPCExplorer;
			productReference = EB100E6C23667ED30065E084 /* DPCExplorer.app */;
			productType = "com.apple.product-type.application";
		};
		EB100E8423667ED60065E084 /* DPCExplorerTests */ = {
			isa = PBXNativeTarget;
			buildConfigurationList = EB100E9C23667ED60065E084 /* Build configuration list for PBXNativeTarget "DPCExplorerTests" */;
			buildPhases = (
				2C7933AB8B3789352B5DABFD /* [CP] Check Pods Manifest.lock */,
				EB100E8123667ED60065E084 /* Sources */,
				EB100E8223667ED60065E084 /* Frameworks */,
				EB100E8323667ED60065E084 /* Resources */,
			);
			buildRules = (
			);
			dependencies = (
				EB100E8723667ED60065E084 /* PBXTargetDependency */,
			);
			name = DPCExplorerTests;
			productName = DPCExplorerTests;
			productReference = EB100E8523667ED60065E084 /* DPCExplorerTests.xctest */;
			productType = "com.apple.product-type.bundle.unit-test";
		};
		EB100E8F23667ED60065E084 /* DPCExplorerUITests */ = {
			isa = PBXNativeTarget;
			buildConfigurationList = EB100E9F23667ED60065E084 /* Build configuration list for PBXNativeTarget "DPCExplorerUITests" */;
			buildPhases = (
				BBE5098B1F054604BB40B4CD /* [CP] Check Pods Manifest.lock */,
				EB100E8C23667ED60065E084 /* Sources */,
				EB100E8D23667ED60065E084 /* Frameworks */,
				EB100E8E23667ED60065E084 /* Resources */,
				50C4588D2FDAEA73005A4F62 /* [CP] Embed Pods Frameworks */,
			);
			buildRules = (
			);
			dependencies = (
				EB100E9223667ED60065E084 /* PBXTargetDependency */,
			);
			name = DPCExplorerUITests;
			productName = DPCExplorerUITests;
			productReference = EB100E9023667ED60065E084 /* DPCExplorerUITests.xctest */;
			productType = "com.apple.product-type.bundle.ui-testing";
		};
		EBD24E2D23AB08A900D35859 /* BlueButtonKit */ = {
			isa = PBXNativeTarget;
			buildConfigurationList = EBD24E4523AB08AA00D35859 /* Build configuration list for PBXNativeTarget "BlueButtonKit" */;
			buildPhases = (
				AFCD5D72914650968A87A4B0 /* [CP] Check Pods Manifest.lock */,
				EBD24E2923AB08A900D35859 /* Headers */,
				EBD24E2A23AB08A900D35859 /* Sources */,
				EBD24E2B23AB08A900D35859 /* Frameworks */,
				EBD24E2C23AB08A900D35859 /* Resources */,
			);
			buildRules = (
			);
			dependencies = (
			);
			name = BlueButtonKit;
			productName = BlueButtonKit;
			productReference = EBD24E2E23AB08A900D35859 /* BlueButtonKit.framework */;
			productType = "com.apple.product-type.framework";
		};
		EBD24E3523AB08A900D35859 /* BlueButtonKitTests */ = {
			isa = PBXNativeTarget;
			buildConfigurationList = EBD24E4823AB08AA00D35859 /* Build configuration list for PBXNativeTarget "BlueButtonKitTests" */;
			buildPhases = (
				5B448AF005DC418424BE8510 /* [CP] Check Pods Manifest.lock */,
				EBD24E3223AB08A900D35859 /* Sources */,
				EBD24E3323AB08A900D35859 /* Frameworks */,
				EBD24E3423AB08A900D35859 /* Resources */,
				D65028584EC1397F2B009847 /* [CP] Embed Pods Frameworks */,
			);
			buildRules = (
			);
			dependencies = (
				EBD24E3923AB08A900D35859 /* PBXTargetDependency */,
				EBD24E3B23AB08A900D35859 /* PBXTargetDependency */,
			);
			name = BlueButtonKitTests;
			productName = BlueButtonKitTests;
			productReference = EBD24E3623AB08A900D35859 /* BlueButtonKitTests.xctest */;
			productType = "com.apple.product-type.bundle.unit-test";
		};
		EBEC7EB423A6B700004D3C22 /* DPCKit */ = {
			isa = PBXNativeTarget;
			buildConfigurationList = EBEC7ED123A6B700004D3C22 /* Build configuration list for PBXNativeTarget "DPCKit" */;
			buildPhases = (
				77F9BF9B8EDD5EC966B373AA /* [CP] Check Pods Manifest.lock */,
				EBEC7EB023A6B700004D3C22 /* Headers */,
				EBEC7EB123A6B700004D3C22 /* Sources */,
				EBEC7EB223A6B700004D3C22 /* Frameworks */,
				EBEC7EB323A6B700004D3C22 /* Resources */,
			);
			buildRules = (
			);
			dependencies = (
			);
			name = DPCKit;
			packageProductDependencies = (
			);
			productName = DPCKit;
			productReference = EBEC7EB523A6B700004D3C22 /* DPCKit.framework */;
			productType = "com.apple.product-type.framework";
		};
		EBEC7EBC23A6B700004D3C22 /* DPCKitTests */ = {
			isa = PBXNativeTarget;
			buildConfigurationList = EBEC7ED223A6B700004D3C22 /* Build configuration list for PBXNativeTarget "DPCKitTests" */;
			buildPhases = (
				38EB16C33C65A2F541292AF3 /* [CP] Check Pods Manifest.lock */,
				EBEC7EB923A6B700004D3C22 /* Sources */,
				EBEC7EBA23A6B700004D3C22 /* Frameworks */,
				EBEC7EBB23A6B700004D3C22 /* Resources */,
				7D68C4B90421584A61EEA7C4 /* [CP] Embed Pods Frameworks */,
			);
			buildRules = (
			);
			dependencies = (
				EBEC7EC023A6B700004D3C22 /* PBXTargetDependency */,
				EBEC7EC223A6B700004D3C22 /* PBXTargetDependency */,
			);
			name = DPCKitTests;
			productName = DPCKitTests;
			productReference = EBEC7EBD23A6B700004D3C22 /* DPCKitTests.xctest */;
			productType = "com.apple.product-type.bundle.unit-test";
		};
/* End PBXNativeTarget section */

/* Begin PBXProject section */
		EB100E6423667ED30065E084 /* Project object */ = {
			isa = PBXProject;
			attributes = {
				LastSwiftUpdateCheck = 1130;
				LastUpgradeCheck = 1110;
				ORGANIZATIONNAME = "Nicholas Robison";
				TargetAttributes = {
					EB100E6B23667ED30065E084 = {
						CreatedOnToolsVersion = 11.1;
					};
					EB100E8423667ED60065E084 = {
						CreatedOnToolsVersion = 11.1;
						TestTargetID = EB100E6B23667ED30065E084;
					};
					EB100E8F23667ED60065E084 = {
						CreatedOnToolsVersion = 11.1;
						TestTargetID = EB100E6B23667ED30065E084;
					};
					EBD24E2D23AB08A900D35859 = {
						CreatedOnToolsVersion = 11.3;
						LastSwiftMigration = 1130;
					};
					EBD24E3523AB08A900D35859 = {
						CreatedOnToolsVersion = 11.3;
						TestTargetID = EB100E6B23667ED30065E084;
					};
					EBEC7EB423A6B700004D3C22 = {
						CreatedOnToolsVersion = 11.3;
					};
					EBEC7EBC23A6B700004D3C22 = {
						CreatedOnToolsVersion = 11.3;
						TestTargetID = EB100E6B23667ED30065E084;
					};
				};
			};
			buildConfigurationList = EB100E6723667ED30065E084 /* Build configuration list for PBXProject "DPCExplorer" */;
			compatibilityVersion = "Xcode 9.3";
			developmentRegion = en;
			hasScannedForEncodings = 0;
			knownRegions = (
				en,
				Base,
			);
			mainGroup = EB100E6323667ED30065E084;
			packageReferences = (
			);
			productRefGroup = EB100E6D23667ED30065E084 /* Products */;
			projectDirPath = "";
			projectRoot = "";
			targets = (
				EB100E6B23667ED30065E084 /* DPCExplorer */,
				EB100E8423667ED60065E084 /* DPCExplorerTests */,
				EB100E8F23667ED60065E084 /* DPCExplorerUITests */,
				EBEC7EB423A6B700004D3C22 /* DPCKit */,
				EBEC7EBC23A6B700004D3C22 /* DPCKitTests */,
				EBD24E2D23AB08A900D35859 /* BlueButtonKit */,
				EBD24E3523AB08A900D35859 /* BlueButtonKitTests */,
			);
		};
/* End PBXProject section */

/* Begin PBXResourcesBuildPhase section */
		EB100E6A23667ED30065E084 /* Resources */ = {
			isa = PBXResourcesBuildPhase;
			buildActionMask = 2147483647;
			files = (
				EB100E7F23667ED60065E084 /* LaunchScreen.storyboard in Resources */,
				EB100E7C23667ED60065E084 /* Preview Assets.xcassets in Resources */,
				EB100E7923667ED60065E084 /* Assets.xcassets in Resources */,
			);
			runOnlyForDeploymentPostprocessing = 0;
		};
		EB100E8323667ED60065E084 /* Resources */ = {
			isa = PBXResourcesBuildPhase;
			buildActionMask = 2147483647;
			files = (
			);
			runOnlyForDeploymentPostprocessing = 0;
		};
		EB100E8E23667ED60065E084 /* Resources */ = {
			isa = PBXResourcesBuildPhase;
			buildActionMask = 2147483647;
			files = (
			);
			runOnlyForDeploymentPostprocessing = 0;
		};
		EBD24E2C23AB08A900D35859 /* Resources */ = {
			isa = PBXResourcesBuildPhase;
			buildActionMask = 2147483647;
			files = (
				EBD24E5323AB0BA400D35859 /* test_eob.json in Resources */,
			);
			runOnlyForDeploymentPostprocessing = 0;
		};
		EBD24E3423AB08A900D35859 /* Resources */ = {
			isa = PBXResourcesBuildPhase;
			buildActionMask = 2147483647;
			files = (
			);
			runOnlyForDeploymentPostprocessing = 0;
		};
		EBEC7EB323A6B700004D3C22 /* Resources */ = {
			isa = PBXResourcesBuildPhase;
			buildActionMask = 2147483647;
			files = (
			);
			runOnlyForDeploymentPostprocessing = 0;
		};
		EBEC7EBB23A6B700004D3C22 /* Resources */ = {
			isa = PBXResourcesBuildPhase;
			buildActionMask = 2147483647;
			files = (
			);
			runOnlyForDeploymentPostprocessing = 0;
		};
/* End PBXResourcesBuildPhase section */

/* Begin PBXShellScriptBuildPhase section */
		134A67A2279908FBC9BCF82A /* [CP] Check Pods Manifest.lock */ = {
			isa = PBXShellScriptBuildPhase;
			buildActionMask = 2147483647;
			files = (
			);
			inputFileListPaths = (
			);
			inputPaths = (
				"${PODS_PODFILE_DIR_PATH}/Podfile.lock",
				"${PODS_ROOT}/Manifest.lock",
			);
			name = "[CP] Check Pods Manifest.lock";
			outputFileListPaths = (
			);
			outputPaths = (
				"$(DERIVED_FILE_DIR)/Pods-DPCExplorer-checkManifestLockResult.txt",
			);
			runOnlyForDeploymentPostprocessing = 0;
			shellPath = /bin/sh;
			shellScript = "diff \"${PODS_PODFILE_DIR_PATH}/Podfile.lock\" \"${PODS_ROOT}/Manifest.lock\" > /dev/null\nif [ $? != 0 ] ; then\n    # print error to STDERR\n    echo \"error: The sandbox is not in sync with the Podfile.lock. Run 'pod install' or update your CocoaPods installation.\" >&2\n    exit 1\nfi\n# This output is used by Xcode 'outputs' to avoid re-running this script phase.\necho \"SUCCESS\" > \"${SCRIPT_OUTPUT_FILE_0}\"\n";
			showEnvVarsInLog = 0;
		};
		2C7933AB8B3789352B5DABFD /* [CP] Check Pods Manifest.lock */ = {
			isa = PBXShellScriptBuildPhase;
			buildActionMask = 2147483647;
			files = (
			);
			inputFileListPaths = (
			);
			inputPaths = (
				"${PODS_PODFILE_DIR_PATH}/Podfile.lock",
				"${PODS_ROOT}/Manifest.lock",
			);
			name = "[CP] Check Pods Manifest.lock";
			outputFileListPaths = (
			);
			outputPaths = (
				"$(DERIVED_FILE_DIR)/Pods-DPCExplorerTests-checkManifestLockResult.txt",
			);
			runOnlyForDeploymentPostprocessing = 0;
			shellPath = /bin/sh;
			shellScript = "diff \"${PODS_PODFILE_DIR_PATH}/Podfile.lock\" \"${PODS_ROOT}/Manifest.lock\" > /dev/null\nif [ $? != 0 ] ; then\n    # print error to STDERR\n    echo \"error: The sandbox is not in sync with the Podfile.lock. Run 'pod install' or update your CocoaPods installation.\" >&2\n    exit 1\nfi\n# This output is used by Xcode 'outputs' to avoid re-running this script phase.\necho \"SUCCESS\" > \"${SCRIPT_OUTPUT_FILE_0}\"\n";
			showEnvVarsInLog = 0;
		};
		38EB16C33C65A2F541292AF3 /* [CP] Check Pods Manifest.lock */ = {
			isa = PBXShellScriptBuildPhase;
			buildActionMask = 2147483647;
			files = (
			);
			inputFileListPaths = (
			);
			inputPaths = (
				"${PODS_PODFILE_DIR_PATH}/Podfile.lock",
				"${PODS_ROOT}/Manifest.lock",
			);
			name = "[CP] Check Pods Manifest.lock";
			outputFileListPaths = (
			);
			outputPaths = (
				"$(DERIVED_FILE_DIR)/Pods-DPCKit-DPCKitTests-checkManifestLockResult.txt",
			);
			runOnlyForDeploymentPostprocessing = 0;
			shellPath = /bin/sh;
			shellScript = "diff \"${PODS_PODFILE_DIR_PATH}/Podfile.lock\" \"${PODS_ROOT}/Manifest.lock\" > /dev/null\nif [ $? != 0 ] ; then\n    # print error to STDERR\n    echo \"error: The sandbox is not in sync with the Podfile.lock. Run 'pod install' or update your CocoaPods installation.\" >&2\n    exit 1\nfi\n# This output is used by Xcode 'outputs' to avoid re-running this script phase.\necho \"SUCCESS\" > \"${SCRIPT_OUTPUT_FILE_0}\"\n";
			showEnvVarsInLog = 0;
		};
		50C4588D2FDAEA73005A4F62 /* [CP] Embed Pods Frameworks */ = {
			isa = PBXShellScriptBuildPhase;
			buildActionMask = 2147483647;
			files = (
			);
			inputFileListPaths = (
				"${PODS_ROOT}/Target Support Files/Pods-DPCExplorer-DPCExplorerUITests/Pods-DPCExplorer-DPCExplorerUITests-frameworks-${CONFIGURATION}-input-files.xcfilelist",
			);
			name = "[CP] Embed Pods Frameworks";
			outputFileListPaths = (
				"${PODS_ROOT}/Target Support Files/Pods-DPCExplorer-DPCExplorerUITests/Pods-DPCExplorer-DPCExplorerUITests-frameworks-${CONFIGURATION}-output-files.xcfilelist",
			);
			runOnlyForDeploymentPostprocessing = 0;
			shellPath = /bin/sh;
			shellScript = "\"${PODS_ROOT}/Target Support Files/Pods-DPCExplorer-DPCExplorerUITests/Pods-DPCExplorer-DPCExplorerUITests-frameworks.sh\"\n";
			showEnvVarsInLog = 0;
		};
		5B448AF005DC418424BE8510 /* [CP] Check Pods Manifest.lock */ = {
			isa = PBXShellScriptBuildPhase;
			buildActionMask = 2147483647;
			files = (
			);
			inputFileListPaths = (
			);
			inputPaths = (
				"${PODS_PODFILE_DIR_PATH}/Podfile.lock",
				"${PODS_ROOT}/Manifest.lock",
			);
			name = "[CP] Check Pods Manifest.lock";
			outputFileListPaths = (
			);
			outputPaths = (
				"$(DERIVED_FILE_DIR)/Pods-BlueButtonKit-BlueButtonKitTests-checkManifestLockResult.txt",
			);
			runOnlyForDeploymentPostprocessing = 0;
			shellPath = /bin/sh;
			shellScript = "diff \"${PODS_PODFILE_DIR_PATH}/Podfile.lock\" \"${PODS_ROOT}/Manifest.lock\" > /dev/null\nif [ $? != 0 ] ; then\n    # print error to STDERR\n    echo \"error: The sandbox is not in sync with the Podfile.lock. Run 'pod install' or update your CocoaPods installation.\" >&2\n    exit 1\nfi\n# This output is used by Xcode 'outputs' to avoid re-running this script phase.\necho \"SUCCESS\" > \"${SCRIPT_OUTPUT_FILE_0}\"\n";
			showEnvVarsInLog = 0;
		};
		77F9BF9B8EDD5EC966B373AA /* [CP] Check Pods Manifest.lock */ = {
			isa = PBXShellScriptBuildPhase;
			buildActionMask = 2147483647;
			files = (
			);
			inputFileListPaths = (
			);
			inputPaths = (
				"${PODS_PODFILE_DIR_PATH}/Podfile.lock",
				"${PODS_ROOT}/Manifest.lock",
			);
			name = "[CP] Check Pods Manifest.lock";
			outputFileListPaths = (
			);
			outputPaths = (
				"$(DERIVED_FILE_DIR)/Pods-DPCKit-checkManifestLockResult.txt",
			);
			runOnlyForDeploymentPostprocessing = 0;
			shellPath = /bin/sh;
			shellScript = "diff \"${PODS_PODFILE_DIR_PATH}/Podfile.lock\" \"${PODS_ROOT}/Manifest.lock\" > /dev/null\nif [ $? != 0 ] ; then\n    # print error to STDERR\n    echo \"error: The sandbox is not in sync with the Podfile.lock. Run 'pod install' or update your CocoaPods installation.\" >&2\n    exit 1\nfi\n# This output is used by Xcode 'outputs' to avoid re-running this script phase.\necho \"SUCCESS\" > \"${SCRIPT_OUTPUT_FILE_0}\"\n";
			showEnvVarsInLog = 0;
		};
		7D68C4B90421584A61EEA7C4 /* [CP] Embed Pods Frameworks */ = {
			isa = PBXShellScriptBuildPhase;
			buildActionMask = 2147483647;
			files = (
			);
			inputFileListPaths = (
				"${PODS_ROOT}/Target Support Files/Pods-DPCKit-DPCKitTests/Pods-DPCKit-DPCKitTests-frameworks-${CONFIGURATION}-input-files.xcfilelist",
			);
			name = "[CP] Embed Pods Frameworks";
			outputFileListPaths = (
				"${PODS_ROOT}/Target Support Files/Pods-DPCKit-DPCKitTests/Pods-DPCKit-DPCKitTests-frameworks-${CONFIGURATION}-output-files.xcfilelist",
			);
			runOnlyForDeploymentPostprocessing = 0;
			shellPath = /bin/sh;
			shellScript = "\"${PODS_ROOT}/Target Support Files/Pods-DPCKit-DPCKitTests/Pods-DPCKit-DPCKitTests-frameworks.sh\"\n";
			showEnvVarsInLog = 0;
		};
		82F0C90C023DF46519B9CDDC /* [CP] Embed Pods Frameworks */ = {
			isa = PBXShellScriptBuildPhase;
			buildActionMask = 2147483647;
			files = (
			);
			inputFileListPaths = (
				"${PODS_ROOT}/Target Support Files/Pods-DPCExplorer/Pods-DPCExplorer-frameworks-${CONFIGURATION}-input-files.xcfilelist",
			);
			name = "[CP] Embed Pods Frameworks";
			outputFileListPaths = (
				"${PODS_ROOT}/Target Support Files/Pods-DPCExplorer/Pods-DPCExplorer-frameworks-${CONFIGURATION}-output-files.xcfilelist",
			);
			runOnlyForDeploymentPostprocessing = 0;
			shellPath = /bin/sh;
			shellScript = "\"${PODS_ROOT}/Target Support Files/Pods-DPCExplorer/Pods-DPCExplorer-frameworks.sh\"\n";
			showEnvVarsInLog = 0;
		};
		AFCD5D72914650968A87A4B0 /* [CP] Check Pods Manifest.lock */ = {
			isa = PBXShellScriptBuildPhase;
			buildActionMask = 2147483647;
			files = (
			);
			inputFileListPaths = (
			);
			inputPaths = (
				"${PODS_PODFILE_DIR_PATH}/Podfile.lock",
				"${PODS_ROOT}/Manifest.lock",
			);
			name = "[CP] Check Pods Manifest.lock";
			outputFileListPaths = (
			);
			outputPaths = (
				"$(DERIVED_FILE_DIR)/Pods-BlueButtonKit-checkManifestLockResult.txt",
			);
			runOnlyForDeploymentPostprocessing = 0;
			shellPath = /bin/sh;
			shellScript = "diff \"${PODS_PODFILE_DIR_PATH}/Podfile.lock\" \"${PODS_ROOT}/Manifest.lock\" > /dev/null\nif [ $? != 0 ] ; then\n    # print error to STDERR\n    echo \"error: The sandbox is not in sync with the Podfile.lock. Run 'pod install' or update your CocoaPods installation.\" >&2\n    exit 1\nfi\n# This output is used by Xcode 'outputs' to avoid re-running this script phase.\necho \"SUCCESS\" > \"${SCRIPT_OUTPUT_FILE_0}\"\n";
			showEnvVarsInLog = 0;
		};
		BBE5098B1F054604BB40B4CD /* [CP] Check Pods Manifest.lock */ = {
			isa = PBXShellScriptBuildPhase;
			buildActionMask = 2147483647;
			files = (
			);
			inputFileListPaths = (
			);
			inputPaths = (
				"${PODS_PODFILE_DIR_PATH}/Podfile.lock",
				"${PODS_ROOT}/Manifest.lock",
			);
			name = "[CP] Check Pods Manifest.lock";
			outputFileListPaths = (
			);
			outputPaths = (
				"$(DERIVED_FILE_DIR)/Pods-DPCExplorer-DPCExplorerUITests-checkManifestLockResult.txt",
			);
			runOnlyForDeploymentPostprocessing = 0;
			shellPath = /bin/sh;
			shellScript = "diff \"${PODS_PODFILE_DIR_PATH}/Podfile.lock\" \"${PODS_ROOT}/Manifest.lock\" > /dev/null\nif [ $? != 0 ] ; then\n    # print error to STDERR\n    echo \"error: The sandbox is not in sync with the Podfile.lock. Run 'pod install' or update your CocoaPods installation.\" >&2\n    exit 1\nfi\n# This output is used by Xcode 'outputs' to avoid re-running this script phase.\necho \"SUCCESS\" > \"${SCRIPT_OUTPUT_FILE_0}\"\n";
			showEnvVarsInLog = 0;
		};
		D65028584EC1397F2B009847 /* [CP] Embed Pods Frameworks */ = {
			isa = PBXShellScriptBuildPhase;
			buildActionMask = 2147483647;
			files = (
			);
			inputFileListPaths = (
				"${PODS_ROOT}/Target Support Files/Pods-BlueButtonKit-BlueButtonKitTests/Pods-BlueButtonKit-BlueButtonKitTests-frameworks-${CONFIGURATION}-input-files.xcfilelist",
			);
			name = "[CP] Embed Pods Frameworks";
			outputFileListPaths = (
				"${PODS_ROOT}/Target Support Files/Pods-BlueButtonKit-BlueButtonKitTests/Pods-BlueButtonKit-BlueButtonKitTests-frameworks-${CONFIGURATION}-output-files.xcfilelist",
			);
			runOnlyForDeploymentPostprocessing = 0;
			shellPath = /bin/sh;
			shellScript = "\"${PODS_ROOT}/Target Support Files/Pods-BlueButtonKit-BlueButtonKitTests/Pods-BlueButtonKit-BlueButtonKitTests-frameworks.sh\"\n";
			showEnvVarsInLog = 0;
		};
/* End PBXShellScriptBuildPhase section */

/* Begin PBXSourcesBuildPhase section */
		EB100E6823667ED30065E084 /* Sources */ = {
			isa = PBXSourcesBuildPhase;
			buildActionMask = 2147483647;
			files = (
				EB1BE1D923B5467400D33A7E /* OnboardingProtocol.swift in Sources */,
				EB8DB38C23B597EE009A62B0 /* InitialsView.swift in Sources */,
				EB100E7023667ED30065E084 /* AppDelegate.swift in Sources */,
				EB3F1EC823A723FB002844C1 /* NameView.swift in Sources */,
				EB1BE1D323B5433600D33A7E /* ClientIDInputView.swift in Sources */,
				EB100E7223667ED30065E084 /* SceneDelegate.swift in Sources */,
				EB9976F4236689320072DD9B /* ProviderDetailView.swift in Sources */,
				EB763A67236BB804001EC7C9 /* ProviderView.swift in Sources */,
				EB763A65236BB582001EC7C9 /* ViewHelpers.swift in Sources */,
				EB763A6B236BB9B3001EC7C9 /* PatientDetailView.swift in Sources */,
				EB1BE1CC23B53C6100D33A7E /* FullScreenButton.swift in Sources */,
				EBAA8A61236CF7AD00EC0253 /* MainView.swift in Sources */,
				EBAF7EBF238A0E0E0050039D /* PatientAdd.swift in Sources */,
				EBE8FDAC238F53200047C024 /* PatientAssign.swift in Sources */,
				EB763A69236BB922001EC7C9 /* PatientView.swift in Sources */,
				EB1BE1DB23B54F2F00D33A7E /* SettingsView.swift in Sources */,
				EB1BE1D723B5463D00D33A7E /* OnboardingCompleteView.swift in Sources */,
				EB9976F2236687D40072DD9B /* OrganizationView.swift in Sources */,
				EB1BE1CF23B53EA100D33A7E /* InitialOnboardingView.swift in Sources */,
				EB1BE1D523B5450500D33A7E /* PublicKeyUploadView.swift in Sources */,
				EB763A59236BACA9001EC7C9 /* ProviderBioView.swift in Sources */,
				EB1BE1CA23B51DE300D33A7E /* PreferencesManager.swift in Sources */,
				EBB899FD238B6E25008D7CB6 /* ProviderAdd.swift in Sources */,
				EB100E7723667ED30065E084 /* ContentView.swift in Sources */,
				EBC5EB48239039C6003E0B3B /* SelectableRow.swift in Sources */,
				EB763A6D236BB9D0001EC7C9 /* PatientBioView.swift in Sources */,
				EB427DCB2374E84D00833623 /* OnboardingView.swift in Sources */,
				EB1BE1D123B53ED300D33A7E /* HostSelectionView.swift in Sources */,
				EB763A5D236BAD7E001EC7C9 /* TestResources.swift in Sources */,
				EB763A63236BB512001EC7C9 /* PersonCellView.swift in Sources */,
			);
			runOnlyForDeploymentPostprocessing = 0;
		};
		EB100E8123667ED60065E084 /* Sources */ = {
			isa = PBXSourcesBuildPhase;
			buildActionMask = 2147483647;
			files = (
				EB100E8A23667ED60065E084 /* DPCExplorerTests.swift in Sources */,
			);
			runOnlyForDeploymentPostprocessing = 0;
		};
		EB100E8C23667ED60065E084 /* Sources */ = {
			isa = PBXSourcesBuildPhase;
			buildActionMask = 2147483647;
			files = (
				EB100E9523667ED60065E084 /* DPCExplorerUITests.swift in Sources */,
			);
			runOnlyForDeploymentPostprocessing = 0;
		};
		EBD24E2A23AB08A900D35859 /* Sources */ = {
			isa = PBXSourcesBuildPhase;
			buildActionMask = 2147483647;
			files = (
				EB08272023AF0F4E00CA7CC8 /* Test Resources.swift in Sources */,
				EBD24E4E23AB09A800D35859 /* BlueButtonClaimOverviewView.swift in Sources */,
				EBCC9C8423AFEAFC0083538F /* EOBExtensions.swift in Sources */,
				EBFA21FE23B2939600FFBAAB /* ClaimsManager.swift in Sources */,
				EB08271F23AF0F4E00CA7CC8 /* LoadData.swift in Sources */,
				EB08272923AF142500CA7CC8 /* VitalRecordBox.swift in Sources */,
				EBCC9C8623AFFB8C0083538F /* ServiceRowItemView.swift in Sources */,
				EBCC9C8A23AFFFB40083538F /* ClaimsOverviewView.swift in Sources */,
				EBCC9C8223AFE93E0083538F /* EOBItemExtensions.swift in Sources */,
			);
			runOnlyForDeploymentPostprocessing = 0;
		};
		EBD24E3223AB08A900D35859 /* Sources */ = {
			isa = PBXSourcesBuildPhase;
			buildActionMask = 2147483647;
			files = (
				EBD24E3E23AB08A900D35859 /* BlueButtonKitTests.swift in Sources */,
			);
			runOnlyForDeploymentPostprocessing = 0;
		};
		EBEC7EB123A6B700004D3C22 /* Sources */ = {
			isa = PBXSourcesBuildPhase;
			buildActionMask = 2147483647;
			files = (
				EB1BE1C623B5157700D33A7E /* DPCKit.xcdatamodeld in Sources */,
				EBEC7F0923A6BA94004D3C22 /* ExportClient.swift in Sources */,
				EBEC7F0A23A6BA94004D3C22 /* FHIRSerializers.swift in Sources */,
				EBEC7F0023A6BA6D004D3C22 /* Organization.swift in Sources */,
				EBEC7F0123A6BA6D004D3C22 /* Provider.swift in Sources */,
				EBEC7F0223A6BA6D004D3C22 /* Name.swift in Sources */,
				EBEC7F0323A6BA6D004D3C22 /* Patient.swift in Sources */,
				EBEC7F0423A6BA6D004D3C22 /* Person.swift in Sources */,
				EBEC7F0523A6BA6D004D3C22 /* Address.swift in Sources */,
				EBEC7F0623A6BA6D004D3C22 /* JobCompletionModel.swift in Sources */,
				EBEC7F0723A6BA6D004D3C22 /* ExportDownload.swift in Sources */,
				EBEC7F0B23A6BAA6004D3C22 /* StreamReader.swift in Sources */,
				EBEC7F0823A6BA6D004D3C22 /* FHIRExtensions.swift in Sources */,
				EBEC7ED323A6B7FD004D3C22 /* DPCClient.swift in Sources */,
			);
			runOnlyForDeploymentPostprocessing = 0;
		};
		EBEC7EB923A6B700004D3C22 /* Sources */ = {
			isa = PBXSourcesBuildPhase;
			buildActionMask = 2147483647;
			files = (
				EBEC7EC523A6B700004D3C22 /* DPCKitTests.swift in Sources */,
			);
			runOnlyForDeploymentPostprocessing = 0;
		};
/* End PBXSourcesBuildPhase section */

/* Begin PBXTargetDependency section */
		EB100E8723667ED60065E084 /* PBXTargetDependency */ = {
			isa = PBXTargetDependency;
			target = EB100E6B23667ED30065E084 /* DPCExplorer */;
			targetProxy = EB100E8623667ED60065E084 /* PBXContainerItemProxy */;
		};
		EB100E9223667ED60065E084 /* PBXTargetDependency */ = {
			isa = PBXTargetDependency;
			target = EB100E6B23667ED30065E084 /* DPCExplorer */;
			targetProxy = EB100E9123667ED60065E084 /* PBXContainerItemProxy */;
		};
		EBD24E3923AB08A900D35859 /* PBXTargetDependency */ = {
			isa = PBXTargetDependency;
			target = EBD24E2D23AB08A900D35859 /* BlueButtonKit */;
			targetProxy = EBD24E3823AB08A900D35859 /* PBXContainerItemProxy */;
		};
		EBD24E3B23AB08A900D35859 /* PBXTargetDependency */ = {
			isa = PBXTargetDependency;
			target = EB100E6B23667ED30065E084 /* DPCExplorer */;
			targetProxy = EBD24E3A23AB08A900D35859 /* PBXContainerItemProxy */;
		};
		EBD24E4223AB08AA00D35859 /* PBXTargetDependency */ = {
			isa = PBXTargetDependency;
			target = EBD24E2D23AB08A900D35859 /* BlueButtonKit */;
			targetProxy = EBD24E4123AB08AA00D35859 /* PBXContainerItemProxy */;
		};
		EBEC7EC023A6B700004D3C22 /* PBXTargetDependency */ = {
			isa = PBXTargetDependency;
			target = EBEC7EB423A6B700004D3C22 /* DPCKit */;
			targetProxy = EBEC7EBF23A6B700004D3C22 /* PBXContainerItemProxy */;
		};
		EBEC7EC223A6B700004D3C22 /* PBXTargetDependency */ = {
			isa = PBXTargetDependency;
			target = EB100E6B23667ED30065E084 /* DPCExplorer */;
			targetProxy = EBEC7EC123A6B700004D3C22 /* PBXContainerItemProxy */;
		};
		EBEC7EC923A6B700004D3C22 /* PBXTargetDependency */ = {
			isa = PBXTargetDependency;
			target = EBEC7EB423A6B700004D3C22 /* DPCKit */;
			targetProxy = EBEC7EC823A6B700004D3C22 /* PBXContainerItemProxy */;
		};
/* End PBXTargetDependency section */

/* Begin PBXVariantGroup section */
		EB100E7D23667ED60065E084 /* LaunchScreen.storyboard */ = {
			isa = PBXVariantGroup;
			children = (
				EB100E7E23667ED60065E084 /* Base */,
			);
			name = LaunchScreen.storyboard;
			sourceTree = "<group>";
		};
/* End PBXVariantGroup section */

/* Begin XCBuildConfiguration section */
		EB100E9723667ED60065E084 /* Debug */ = {
			isa = XCBuildConfiguration;
			buildSettings = {
				ALWAYS_SEARCH_USER_PATHS = NO;
				CLANG_ANALYZER_NONNULL = YES;
				CLANG_ANALYZER_NUMBER_OBJECT_CONVERSION = YES_AGGRESSIVE;
				CLANG_CXX_LANGUAGE_STANDARD = "gnu++14";
				CLANG_CXX_LIBRARY = "libc++";
				CLANG_ENABLE_MODULES = YES;
				CLANG_ENABLE_OBJC_ARC = YES;
				CLANG_ENABLE_OBJC_WEAK = YES;
				CLANG_WARN_BLOCK_CAPTURE_AUTORELEASING = YES;
				CLANG_WARN_BOOL_CONVERSION = YES;
				CLANG_WARN_COMMA = YES;
				CLANG_WARN_CONSTANT_CONVERSION = YES;
				CLANG_WARN_DEPRECATED_OBJC_IMPLEMENTATIONS = YES;
				CLANG_WARN_DIRECT_OBJC_ISA_USAGE = YES_ERROR;
				CLANG_WARN_DOCUMENTATION_COMMENTS = YES;
				CLANG_WARN_EMPTY_BODY = YES;
				CLANG_WARN_ENUM_CONVERSION = YES;
				CLANG_WARN_INFINITE_RECURSION = YES;
				CLANG_WARN_INT_CONVERSION = YES;
				CLANG_WARN_NON_LITERAL_NULL_CONVERSION = YES;
				CLANG_WARN_OBJC_IMPLICIT_RETAIN_SELF = YES;
				CLANG_WARN_OBJC_LITERAL_CONVERSION = YES;
				CLANG_WARN_OBJC_ROOT_CLASS = YES_ERROR;
				CLANG_WARN_RANGE_LOOP_ANALYSIS = YES;
				CLANG_WARN_STRICT_PROTOTYPES = YES;
				CLANG_WARN_SUSPICIOUS_MOVE = YES;
				CLANG_WARN_UNGUARDED_AVAILABILITY = YES_AGGRESSIVE;
				CLANG_WARN_UNREACHABLE_CODE = YES;
				CLANG_WARN__DUPLICATE_METHOD_MATCH = YES;
				COPY_PHASE_STRIP = NO;
				DEBUG_INFORMATION_FORMAT = dwarf;
				ENABLE_STRICT_OBJC_MSGSEND = YES;
				ENABLE_TESTABILITY = YES;
				GCC_C_LANGUAGE_STANDARD = gnu11;
				GCC_DYNAMIC_NO_PIC = NO;
				GCC_NO_COMMON_BLOCKS = YES;
				GCC_OPTIMIZATION_LEVEL = 0;
				GCC_PREPROCESSOR_DEFINITIONS = (
					"DEBUG=1",
					"$(inherited)",
				);
				GCC_WARN_64_TO_32_BIT_CONVERSION = YES;
				GCC_WARN_ABOUT_RETURN_TYPE = YES_ERROR;
				GCC_WARN_UNDECLARED_SELECTOR = YES;
				GCC_WARN_UNINITIALIZED_AUTOS = YES_AGGRESSIVE;
				GCC_WARN_UNUSED_FUNCTION = YES;
				GCC_WARN_UNUSED_VARIABLE = YES;
				IPHONEOS_DEPLOYMENT_TARGET = 13.1;
				MTL_ENABLE_DEBUG_INFO = INCLUDE_SOURCE;
				MTL_FAST_MATH = YES;
				ONLY_ACTIVE_ARCH = YES;
				SDKROOT = iphoneos;
				SWIFT_ACTIVE_COMPILATION_CONDITIONS = DEBUG;
				SWIFT_OPTIMIZATION_LEVEL = "-Onone";
			};
			name = Debug;
		};
		EB100E9823667ED60065E084 /* Release */ = {
			isa = XCBuildConfiguration;
			buildSettings = {
				ALWAYS_SEARCH_USER_PATHS = NO;
				CLANG_ANALYZER_NONNULL = YES;
				CLANG_ANALYZER_NUMBER_OBJECT_CONVERSION = YES_AGGRESSIVE;
				CLANG_CXX_LANGUAGE_STANDARD = "gnu++14";
				CLANG_CXX_LIBRARY = "libc++";
				CLANG_ENABLE_MODULES = YES;
				CLANG_ENABLE_OBJC_ARC = YES;
				CLANG_ENABLE_OBJC_WEAK = YES;
				CLANG_WARN_BLOCK_CAPTURE_AUTORELEASING = YES;
				CLANG_WARN_BOOL_CONVERSION = YES;
				CLANG_WARN_COMMA = YES;
				CLANG_WARN_CONSTANT_CONVERSION = YES;
				CLANG_WARN_DEPRECATED_OBJC_IMPLEMENTATIONS = YES;
				CLANG_WARN_DIRECT_OBJC_ISA_USAGE = YES_ERROR;
				CLANG_WARN_DOCUMENTATION_COMMENTS = YES;
				CLANG_WARN_EMPTY_BODY = YES;
				CLANG_WARN_ENUM_CONVERSION = YES;
				CLANG_WARN_INFINITE_RECURSION = YES;
				CLANG_WARN_INT_CONVERSION = YES;
				CLANG_WARN_NON_LITERAL_NULL_CONVERSION = YES;
				CLANG_WARN_OBJC_IMPLICIT_RETAIN_SELF = YES;
				CLANG_WARN_OBJC_LITERAL_CONVERSION = YES;
				CLANG_WARN_OBJC_ROOT_CLASS = YES_ERROR;
				CLANG_WARN_RANGE_LOOP_ANALYSIS = YES;
				CLANG_WARN_STRICT_PROTOTYPES = YES;
				CLANG_WARN_SUSPICIOUS_MOVE = YES;
				CLANG_WARN_UNGUARDED_AVAILABILITY = YES_AGGRESSIVE;
				CLANG_WARN_UNREACHABLE_CODE = YES;
				CLANG_WARN__DUPLICATE_METHOD_MATCH = YES;
				COPY_PHASE_STRIP = NO;
				DEBUG_INFORMATION_FORMAT = "dwarf-with-dsym";
				ENABLE_NS_ASSERTIONS = NO;
				ENABLE_STRICT_OBJC_MSGSEND = YES;
				GCC_C_LANGUAGE_STANDARD = gnu11;
				GCC_NO_COMMON_BLOCKS = YES;
				GCC_WARN_64_TO_32_BIT_CONVERSION = YES;
				GCC_WARN_ABOUT_RETURN_TYPE = YES_ERROR;
				GCC_WARN_UNDECLARED_SELECTOR = YES;
				GCC_WARN_UNINITIALIZED_AUTOS = YES_AGGRESSIVE;
				GCC_WARN_UNUSED_FUNCTION = YES;
				GCC_WARN_UNUSED_VARIABLE = YES;
				IPHONEOS_DEPLOYMENT_TARGET = 13.1;
				MTL_ENABLE_DEBUG_INFO = NO;
				MTL_FAST_MATH = YES;
				SDKROOT = iphoneos;
				SWIFT_COMPILATION_MODE = wholemodule;
				SWIFT_OPTIMIZATION_LEVEL = "-O";
				VALIDATE_PRODUCT = YES;
			};
			name = Release;
		};
		EB100E9A23667ED60065E084 /* Debug */ = {
			isa = XCBuildConfiguration;
			baseConfigurationReference = D052DA08926F80FB702B7DD7 /* Pods-DPCExplorer.debug.xcconfig */;
			buildSettings = {
				ALWAYS_EMBED_SWIFT_STANDARD_LIBRARIES = YES;
				ASSETCATALOG_COMPILER_APPICON_NAME = AppIcon;
				CODE_SIGN_STYLE = Automatic;
				DEVELOPMENT_ASSET_PATHS = "\"DPCExplorer/Preview Content\"";
				ENABLE_PREVIEWS = YES;
				INFOPLIST_FILE = DPCExplorer/Info.plist;
				LD_RUNPATH_SEARCH_PATHS = (
					"$(inherited)",
					"@executable_path/Frameworks",
				);
				PRODUCT_BUNDLE_IDENTIFIER = com.nickrobison.DPCExplorer;
				PRODUCT_NAME = "$(TARGET_NAME)";
				SWIFT_VERSION = 5.0;
				TARGETED_DEVICE_FAMILY = "1,2";
			};
			name = Debug;
		};
		EB100E9B23667ED60065E084 /* Release */ = {
			isa = XCBuildConfiguration;
			baseConfigurationReference = F407B3ED6A60C5A18F24C812 /* Pods-DPCExplorer.release.xcconfig */;
			buildSettings = {
				ALWAYS_EMBED_SWIFT_STANDARD_LIBRARIES = YES;
				ASSETCATALOG_COMPILER_APPICON_NAME = AppIcon;
				CODE_SIGN_STYLE = Automatic;
				DEVELOPMENT_ASSET_PATHS = "\"DPCExplorer/Preview Content\"";
				ENABLE_PREVIEWS = YES;
				INFOPLIST_FILE = DPCExplorer/Info.plist;
				LD_RUNPATH_SEARCH_PATHS = (
					"$(inherited)",
					"@executable_path/Frameworks",
				);
				PRODUCT_BUNDLE_IDENTIFIER = com.nickrobison.DPCExplorer;
				PRODUCT_NAME = "$(TARGET_NAME)";
				SWIFT_VERSION = 5.0;
				TARGETED_DEVICE_FAMILY = "1,2";
			};
			name = Release;
		};
		EB100E9D23667ED60065E084 /* Debug */ = {
			isa = XCBuildConfiguration;
			baseConfigurationReference = 5D1FAD053DEFBE0A8A6BDC12 /* Pods-DPCExplorerTests.debug.xcconfig */;
			buildSettings = {
				ALWAYS_EMBED_SWIFT_STANDARD_LIBRARIES = YES;
				BUNDLE_LOADER = "$(TEST_HOST)";
				CODE_SIGN_STYLE = Automatic;
				INFOPLIST_FILE = DPCExplorerTests/Info.plist;
				IPHONEOS_DEPLOYMENT_TARGET = 13.1;
				LD_RUNPATH_SEARCH_PATHS = (
					"$(inherited)",
					"@executable_path/Frameworks",
					"@loader_path/Frameworks",
				);
				PRODUCT_BUNDLE_IDENTIFIER = com.nickrobison.DPCExplorerTests;
				PRODUCT_NAME = "$(TARGET_NAME)";
				SWIFT_VERSION = 5.0;
				TARGETED_DEVICE_FAMILY = "1,2";
				TEST_HOST = "$(BUILT_PRODUCTS_DIR)/DPCExplorer.app/DPCExplorer";
			};
			name = Debug;
		};
		EB100E9E23667ED60065E084 /* Release */ = {
			isa = XCBuildConfiguration;
			baseConfigurationReference = 37A255126037262E9279C462 /* Pods-DPCExplorerTests.release.xcconfig */;
			buildSettings = {
				ALWAYS_EMBED_SWIFT_STANDARD_LIBRARIES = YES;
				BUNDLE_LOADER = "$(TEST_HOST)";
				CODE_SIGN_STYLE = Automatic;
				INFOPLIST_FILE = DPCExplorerTests/Info.plist;
				IPHONEOS_DEPLOYMENT_TARGET = 13.1;
				LD_RUNPATH_SEARCH_PATHS = (
					"$(inherited)",
					"@executable_path/Frameworks",
					"@loader_path/Frameworks",
				);
				PRODUCT_BUNDLE_IDENTIFIER = com.nickrobison.DPCExplorerTests;
				PRODUCT_NAME = "$(TARGET_NAME)";
				SWIFT_VERSION = 5.0;
				TARGETED_DEVICE_FAMILY = "1,2";
				TEST_HOST = "$(BUILT_PRODUCTS_DIR)/DPCExplorer.app/DPCExplorer";
			};
			name = Release;
		};
		EB100EA023667ED60065E084 /* Debug */ = {
			isa = XCBuildConfiguration;
			baseConfigurationReference = 5B1C4DB3A4F38B576B6ED7D6 /* Pods-DPCExplorer-DPCExplorerUITests.debug.xcconfig */;
			buildSettings = {
				ALWAYS_EMBED_SWIFT_STANDARD_LIBRARIES = YES;
				CODE_SIGN_STYLE = Automatic;
				INFOPLIST_FILE = DPCExplorerUITests/Info.plist;
				LD_RUNPATH_SEARCH_PATHS = (
					"$(inherited)",
					"@executable_path/Frameworks",
					"@loader_path/Frameworks",
				);
				PRODUCT_BUNDLE_IDENTIFIER = com.nickrobison.DPCExplorerUITests;
				PRODUCT_NAME = "$(TARGET_NAME)";
				SWIFT_VERSION = 5.0;
				TARGETED_DEVICE_FAMILY = "1,2";
				TEST_TARGET_NAME = DPCExplorer;
			};
			name = Debug;
		};
		EB100EA123667ED60065E084 /* Release */ = {
			isa = XCBuildConfiguration;
			baseConfigurationReference = F5E5D4A0CE91F84DADB270B0 /* Pods-DPCExplorer-DPCExplorerUITests.release.xcconfig */;
			buildSettings = {
				ALWAYS_EMBED_SWIFT_STANDARD_LIBRARIES = YES;
				CODE_SIGN_STYLE = Automatic;
				INFOPLIST_FILE = DPCExplorerUITests/Info.plist;
				LD_RUNPATH_SEARCH_PATHS = (
					"$(inherited)",
					"@executable_path/Frameworks",
					"@loader_path/Frameworks",
				);
				PRODUCT_BUNDLE_IDENTIFIER = com.nickrobison.DPCExplorerUITests;
				PRODUCT_NAME = "$(TARGET_NAME)";
				SWIFT_VERSION = 5.0;
				TARGETED_DEVICE_FAMILY = "1,2";
				TEST_TARGET_NAME = DPCExplorer;
			};
			name = Release;
		};
		EBD24E4623AB08AA00D35859 /* Debug */ = {
			isa = XCBuildConfiguration;
			baseConfigurationReference = 032114DA39096A6340F38994 /* Pods-BlueButtonKit.debug.xcconfig */;
			buildSettings = {
				CLANG_ENABLE_MODULES = YES;
				CODE_SIGN_STYLE = Automatic;
				CURRENT_PROJECT_VERSION = 1;
				DEFINES_MODULE = YES;
				DEVELOPMENT_ASSET_PATHS = "\"BlueButtonKit/Preview Content\"";
				DYLIB_COMPATIBILITY_VERSION = 1;
				DYLIB_CURRENT_VERSION = 1;
				DYLIB_INSTALL_NAME_BASE = "@rpath";
				FRAMEWORK_SEARCH_PATHS = (
					"$(inherited)",
					"$(PROJECT_DIR)/Carthage/Build/iOS",
				);
				INFOPLIST_FILE = BlueButtonKit/Info.plist;
				INSTALL_PATH = "$(LOCAL_LIBRARY_DIR)/Frameworks";
				IPHONEOS_DEPLOYMENT_TARGET = 13.1;
				LD_RUNPATH_SEARCH_PATHS = (
					"$(inherited)",
					"@executable_path/Frameworks",
					"@loader_path/Frameworks",
				);
				PRODUCT_BUNDLE_IDENTIFIER = com.nickrobison.BlueButtonKit;
				PRODUCT_NAME = "$(TARGET_NAME:c99extidentifier)";
				SKIP_INSTALL = YES;
				SWIFT_OPTIMIZATION_LEVEL = "-Onone";
				SWIFT_VERSION = 5.0;
				TARGETED_DEVICE_FAMILY = "1,2";
				VERSIONING_SYSTEM = "apple-generic";
				VERSION_INFO_PREFIX = "";
			};
			name = Debug;
		};
		EBD24E4723AB08AA00D35859 /* Release */ = {
			isa = XCBuildConfiguration;
			baseConfigurationReference = 6BC213C4B1A400F0A85F62EA /* Pods-BlueButtonKit.release.xcconfig */;
			buildSettings = {
				CLANG_ENABLE_MODULES = YES;
				CODE_SIGN_STYLE = Automatic;
				CURRENT_PROJECT_VERSION = 1;
				DEFINES_MODULE = YES;
				DEVELOPMENT_ASSET_PATHS = "\"BlueButtonKit/Preview Content\"";
				DYLIB_COMPATIBILITY_VERSION = 1;
				DYLIB_CURRENT_VERSION = 1;
				DYLIB_INSTALL_NAME_BASE = "@rpath";
				FRAMEWORK_SEARCH_PATHS = (
					"$(inherited)",
					"$(PROJECT_DIR)/Carthage/Build/iOS",
				);
				INFOPLIST_FILE = BlueButtonKit/Info.plist;
				INSTALL_PATH = "$(LOCAL_LIBRARY_DIR)/Frameworks";
				IPHONEOS_DEPLOYMENT_TARGET = 13.1;
				LD_RUNPATH_SEARCH_PATHS = (
					"$(inherited)",
					"@executable_path/Frameworks",
					"@loader_path/Frameworks",
				);
				PRODUCT_BUNDLE_IDENTIFIER = com.nickrobison.BlueButtonKit;
				PRODUCT_NAME = "$(TARGET_NAME:c99extidentifier)";
				SKIP_INSTALL = YES;
				SWIFT_VERSION = 5.0;
				TARGETED_DEVICE_FAMILY = "1,2";
				VERSIONING_SYSTEM = "apple-generic";
				VERSION_INFO_PREFIX = "";
			};
			name = Release;
		};
		EBD24E4923AB08AA00D35859 /* Debug */ = {
			isa = XCBuildConfiguration;
			baseConfigurationReference = 46180ECFF1E6B9050445EB39 /* Pods-BlueButtonKit-BlueButtonKitTests.debug.xcconfig */;
			buildSettings = {
				ALWAYS_EMBED_SWIFT_STANDARD_LIBRARIES = YES;
				CODE_SIGN_STYLE = Automatic;
				INFOPLIST_FILE = BlueButtonKitTests/Info.plist;
				IPHONEOS_DEPLOYMENT_TARGET = 13.2;
				LD_RUNPATH_SEARCH_PATHS = (
					"$(inherited)",
					"@executable_path/Frameworks",
					"@loader_path/Frameworks",
				);
				PRODUCT_BUNDLE_IDENTIFIER = com.nickrobison.BlueButtonKitTests;
				PRODUCT_NAME = "$(TARGET_NAME)";
				SWIFT_VERSION = 5.0;
				TARGETED_DEVICE_FAMILY = "1,2";
				TEST_HOST = "$(BUILT_PRODUCTS_DIR)/DPCExplorer.app/DPCExplorer";
			};
			name = Debug;
		};
		EBD24E4A23AB08AA00D35859 /* Release */ = {
			isa = XCBuildConfiguration;
			baseConfigurationReference = 8FD5967649A23C4B08E6853D /* Pods-BlueButtonKit-BlueButtonKitTests.release.xcconfig */;
			buildSettings = {
				ALWAYS_EMBED_SWIFT_STANDARD_LIBRARIES = YES;
				CODE_SIGN_STYLE = Automatic;
				INFOPLIST_FILE = BlueButtonKitTests/Info.plist;
				IPHONEOS_DEPLOYMENT_TARGET = 13.2;
				LD_RUNPATH_SEARCH_PATHS = (
					"$(inherited)",
					"@executable_path/Frameworks",
					"@loader_path/Frameworks",
				);
				PRODUCT_BUNDLE_IDENTIFIER = com.nickrobison.BlueButtonKitTests;
				PRODUCT_NAME = "$(TARGET_NAME)";
				SWIFT_VERSION = 5.0;
				TARGETED_DEVICE_FAMILY = "1,2";
				TEST_HOST = "$(BUILT_PRODUCTS_DIR)/DPCExplorer.app/DPCExplorer";
			};
			name = Release;
		};
		EBEC7ECD23A6B700004D3C22 /* Debug */ = {
			isa = XCBuildConfiguration;
			baseConfigurationReference = 072F6965CF1379F8E124FAB9 /* Pods-DPCKit.debug.xcconfig */;
			buildSettings = {
				APPLICATION_EXTENSION_API_ONLY = NO;
				CODE_SIGN_STYLE = Automatic;
				CURRENT_PROJECT_VERSION = 1;
				DEFINES_MODULE = YES;
				DYLIB_COMPATIBILITY_VERSION = 1;
				DYLIB_CURRENT_VERSION = 1;
				DYLIB_INSTALL_NAME_BASE = "@rpath";
				INFOPLIST_FILE = DPCKit/Info.plist;
				INSTALL_PATH = "$(LOCAL_LIBRARY_DIR)/Frameworks";
				IPHONEOS_DEPLOYMENT_TARGET = 13.1;
				LD_RUNPATH_SEARCH_PATHS = (
					"$(inherited)",
					"@executable_path/Frameworks",
					"@loader_path/Frameworks",
				);
				PRODUCT_BUNDLE_IDENTIFIER = com.nickrobison.DPCKit;
				PRODUCT_NAME = "$(TARGET_NAME:c99extidentifier)";
				SKIP_INSTALL = YES;
				SUPPORTS_MACCATALYST = YES;
				SWIFT_VERSION = 5.0;
				TARGETED_DEVICE_FAMILY = "1,2";
				VERSIONING_SYSTEM = "apple-generic";
				VERSION_INFO_PREFIX = "";
			};
			name = Debug;
		};
		EBEC7ECE23A6B700004D3C22 /* Release */ = {
			isa = XCBuildConfiguration;
			baseConfigurationReference = D66AA5004EB211FCACF1F4EA /* Pods-DPCKit.release.xcconfig */;
			buildSettings = {
				APPLICATION_EXTENSION_API_ONLY = NO;
				CODE_SIGN_STYLE = Automatic;
				CURRENT_PROJECT_VERSION = 1;
				DEFINES_MODULE = YES;
				DYLIB_COMPATIBILITY_VERSION = 1;
				DYLIB_CURRENT_VERSION = 1;
				DYLIB_INSTALL_NAME_BASE = "@rpath";
				INFOPLIST_FILE = DPCKit/Info.plist;
				INSTALL_PATH = "$(LOCAL_LIBRARY_DIR)/Frameworks";
				IPHONEOS_DEPLOYMENT_TARGET = 13.1;
				LD_RUNPATH_SEARCH_PATHS = (
					"$(inherited)",
					"@executable_path/Frameworks",
					"@loader_path/Frameworks",
				);
				PRODUCT_BUNDLE_IDENTIFIER = com.nickrobison.DPCKit;
				PRODUCT_NAME = "$(TARGET_NAME:c99extidentifier)";
				SKIP_INSTALL = YES;
				SUPPORTS_MACCATALYST = YES;
				SWIFT_VERSION = 5.0;
				TARGETED_DEVICE_FAMILY = "1,2";
				VERSIONING_SYSTEM = "apple-generic";
				VERSION_INFO_PREFIX = "";
			};
			name = Release;
		};
		EBEC7ECF23A6B700004D3C22 /* Debug */ = {
			isa = XCBuildConfiguration;
			baseConfigurationReference = 201EBD646BF70F574710FD70 /* Pods-DPCKit-DPCKitTests.debug.xcconfig */;
			buildSettings = {
				ALWAYS_EMBED_SWIFT_STANDARD_LIBRARIES = YES;
				CODE_SIGN_STYLE = Automatic;
				INFOPLIST_FILE = DPCKitTests/Info.plist;
				IPHONEOS_DEPLOYMENT_TARGET = 13.2;
				LD_RUNPATH_SEARCH_PATHS = (
					"$(inherited)",
					"@executable_path/Frameworks",
					"@loader_path/Frameworks",
				);
				PRODUCT_BUNDLE_IDENTIFIER = com.nickrobison.DPCKitTests;
				PRODUCT_NAME = "$(TARGET_NAME)";
				SWIFT_VERSION = 5.0;
				TARGETED_DEVICE_FAMILY = "1,2";
				TEST_HOST = "$(BUILT_PRODUCTS_DIR)/DPCExplorer.app/DPCExplorer";
			};
			name = Debug;
		};
		EBEC7ED023A6B700004D3C22 /* Release */ = {
			isa = XCBuildConfiguration;
			baseConfigurationReference = 93C10459F6BFA94E7E32D632 /* Pods-DPCKit-DPCKitTests.release.xcconfig */;
			buildSettings = {
				ALWAYS_EMBED_SWIFT_STANDARD_LIBRARIES = YES;
				CODE_SIGN_STYLE = Automatic;
				INFOPLIST_FILE = DPCKitTests/Info.plist;
				IPHONEOS_DEPLOYMENT_TARGET = 13.2;
				LD_RUNPATH_SEARCH_PATHS = (
					"$(inherited)",
					"@executable_path/Frameworks",
					"@loader_path/Frameworks",
				);
				PRODUCT_BUNDLE_IDENTIFIER = com.nickrobison.DPCKitTests;
				PRODUCT_NAME = "$(TARGET_NAME)";
				SWIFT_VERSION = 5.0;
				TARGETED_DEVICE_FAMILY = "1,2";
				TEST_HOST = "$(BUILT_PRODUCTS_DIR)/DPCExplorer.app/DPCExplorer";
			};
			name = Release;
		};
/* End XCBuildConfiguration section */

/* Begin XCConfigurationList section */
		EB100E6723667ED30065E084 /* Build configuration list for PBXProject "DPCExplorer" */ = {
			isa = XCConfigurationList;
			buildConfigurations = (
				EB100E9723667ED60065E084 /* Debug */,
				EB100E9823667ED60065E084 /* Release */,
			);
			defaultConfigurationIsVisible = 0;
			defaultConfigurationName = Release;
		};
		EB100E9923667ED60065E084 /* Build configuration list for PBXNativeTarget "DPCExplorer" */ = {
			isa = XCConfigurationList;
			buildConfigurations = (
				EB100E9A23667ED60065E084 /* Debug */,
				EB100E9B23667ED60065E084 /* Release */,
			);
			defaultConfigurationIsVisible = 0;
			defaultConfigurationName = Release;
		};
		EB100E9C23667ED60065E084 /* Build configuration list for PBXNativeTarget "DPCExplorerTests" */ = {
			isa = XCConfigurationList;
			buildConfigurations = (
				EB100E9D23667ED60065E084 /* Debug */,
				EB100E9E23667ED60065E084 /* Release */,
			);
			defaultConfigurationIsVisible = 0;
			defaultConfigurationName = Release;
		};
		EB100E9F23667ED60065E084 /* Build configuration list for PBXNativeTarget "DPCExplorerUITests" */ = {
			isa = XCConfigurationList;
			buildConfigurations = (
				EB100EA023667ED60065E084 /* Debug */,
				EB100EA123667ED60065E084 /* Release */,
			);
			defaultConfigurationIsVisible = 0;
			defaultConfigurationName = Release;
		};
		EBD24E4523AB08AA00D35859 /* Build configuration list for PBXNativeTarget "BlueButtonKit" */ = {
			isa = XCConfigurationList;
			buildConfigurations = (
				EBD24E4623AB08AA00D35859 /* Debug */,
				EBD24E4723AB08AA00D35859 /* Release */,
			);
			defaultConfigurationIsVisible = 0;
			defaultConfigurationName = Release;
		};
		EBD24E4823AB08AA00D35859 /* Build configuration list for PBXNativeTarget "BlueButtonKitTests" */ = {
			isa = XCConfigurationList;
			buildConfigurations = (
				EBD24E4923AB08AA00D35859 /* Debug */,
				EBD24E4A23AB08AA00D35859 /* Release */,
			);
			defaultConfigurationIsVisible = 0;
			defaultConfigurationName = Release;
		};
		EBEC7ED123A6B700004D3C22 /* Build configuration list for PBXNativeTarget "DPCKit" */ = {
			isa = XCConfigurationList;
			buildConfigurations = (
				EBEC7ECD23A6B700004D3C22 /* Debug */,
				EBEC7ECE23A6B700004D3C22 /* Release */,
			);
			defaultConfigurationIsVisible = 0;
			defaultConfigurationName = Release;
		};
		EBEC7ED223A6B700004D3C22 /* Build configuration list for PBXNativeTarget "DPCKitTests" */ = {
			isa = XCConfigurationList;
			buildConfigurations = (
				EBEC7ECF23A6B700004D3C22 /* Debug */,
				EBEC7ED023A6B700004D3C22 /* Release */,
			);
			defaultConfigurationIsVisible = 0;
			defaultConfigurationName = Release;
		};
/* End XCConfigurationList section */

/* Begin XCVersionGroup section */
		EB1BE1C423B5157600D33A7E /* DPCKit.xcdatamodeld */ = {
			isa = XCVersionGroup;
			children = (
				EB1BE1C523B5157600D33A7E /* DPCKit.xcdatamodel */,
			);
			currentVersion = EB1BE1C523B5157600D33A7E /* DPCKit.xcdatamodel */;
			path = DPCKit.xcdatamodeld;
			sourceTree = "<group>";
			versionGroupType = wrapper.xcdatamodel;
		};
/* End XCVersionGroup section */
	};
	rootObject = EB100E6423667ED30065E084 /* Project object */;
}
